// !$*UTF8*$!
{
	archiveVersion = 1;
	classes = {
	};
	objectVersion = 51;
	objects = {

/* Begin PBXBuildFile section */
		1535C8D0922DE87F24809E16 /* Pods_LifeGauge.framework in Frameworks */ = {isa = PBXBuildFile; fileRef = 19A6A13E8CC5C3C33FCB9584 /* Pods_LifeGauge.framework */; };
		4930C24E22B7566300DE2162 /* AppDelegate.swift in Sources */ = {isa = PBXBuildFile; fileRef = 4930C24D22B7566300DE2162 /* AppDelegate.swift */; };
		4930C25022B7566300DE2162 /* ViewController.swift in Sources */ = {isa = PBXBuildFile; fileRef = 4930C24F22B7566300DE2162 /* ViewController.swift */; };
		4930C25322B7566300DE2162 /* Main.storyboard in Resources */ = {isa = PBXBuildFile; fileRef = 4930C25122B7566300DE2162 /* Main.storyboard */; };
		4930C25522B7566B00DE2162 /* Assets.xcassets in Resources */ = {isa = PBXBuildFile; fileRef = 4930C25422B7566B00DE2162 /* Assets.xcassets */; };
		4930C25822B7566B00DE2162 /* LaunchScreen.storyboard in Resources */ = {isa = PBXBuildFile; fileRef = 4930C25622B7566B00DE2162 /* LaunchScreen.storyboard */; };
		4930C26322B7566C00DE2162 /* LifeGaugeTests.swift in Sources */ = {isa = PBXBuildFile; fileRef = 4930C26222B7566C00DE2162 /* LifeGaugeTests.swift */; };
		4930C26E22B7566C00DE2162 /* LifeGaugeUITests.swift in Sources */ = {isa = PBXBuildFile; fileRef = 4930C26D22B7566C00DE2162 /* LifeGaugeUITests.swift */; };
		4930C29A22B7649600DE2162 /* loginPresenterTests.swift in Sources */ = {isa = PBXBuildFile; fileRef = 4930C27E22B7649600DE2162 /* loginPresenterTests.swift */; };
		4930C29B22B7649600DE2162 /* loginViewTests.swift in Sources */ = {isa = PBXBuildFile; fileRef = 4930C28022B7649600DE2162 /* loginViewTests.swift */; };
		4930C29C22B7649600DE2162 /* loginConfiguratorTests.swift in Sources */ = {isa = PBXBuildFile; fileRef = 4930C28222B7649600DE2162 /* loginConfiguratorTests.swift */; };
		4930C29D22B7649600DE2162 /* loginInteractorTests.swift in Sources */ = {isa = PBXBuildFile; fileRef = 4930C28422B7649600DE2162 /* loginInteractorTests.swift */; };
		4930C29E22B7649600DE2162 /* loginRouterTests.swift in Sources */ = {isa = PBXBuildFile; fileRef = 4930C28622B7649600DE2162 /* loginRouterTests.swift */; };
		4930C29F22B7649600DE2162 /* loginModuleInput.swift in Sources */ = {isa = PBXBuildFile; fileRef = 4930C28A22B7649600DE2162 /* loginModuleInput.swift */; };
		4930C2A022B7649600DE2162 /* loginPresenter.swift in Sources */ = {isa = PBXBuildFile; fileRef = 4930C28B22B7649600DE2162 /* loginPresenter.swift */; };
		4930C2A122B7649600DE2162 /* loginViewOutput.swift in Sources */ = {isa = PBXBuildFile; fileRef = 4930C28D22B7649600DE2162 /* loginViewOutput.swift */; };
		4930C2A222B7649600DE2162 /* loginViewInput.swift in Sources */ = {isa = PBXBuildFile; fileRef = 4930C28E22B7649600DE2162 /* loginViewInput.swift */; };
		4930C2A322B7649600DE2162 /* loginViewController.swift in Sources */ = {isa = PBXBuildFile; fileRef = 4930C28F22B7649600DE2162 /* loginViewController.swift */; };
		4930C2A422B7649600DE2162 /* loginInitializer.swift in Sources */ = {isa = PBXBuildFile; fileRef = 4930C29122B7649600DE2162 /* loginInitializer.swift */; };
		4930C2A522B7649600DE2162 /* loginConfigurator.swift in Sources */ = {isa = PBXBuildFile; fileRef = 4930C29222B7649600DE2162 /* loginConfigurator.swift */; };
		4930C2A622B7649600DE2162 /* loginInteractorOutput.swift in Sources */ = {isa = PBXBuildFile; fileRef = 4930C29422B7649600DE2162 /* loginInteractorOutput.swift */; };
		4930C2A722B7649600DE2162 /* loginInteractor.swift in Sources */ = {isa = PBXBuildFile; fileRef = 4930C29522B7649600DE2162 /* loginInteractor.swift */; };
		4930C2A822B7649600DE2162 /* loginInteractorInput.swift in Sources */ = {isa = PBXBuildFile; fileRef = 4930C29622B7649600DE2162 /* loginInteractorInput.swift */; };
		4930C2A922B7649600DE2162 /* loginRouterInput.swift in Sources */ = {isa = PBXBuildFile; fileRef = 4930C29822B7649600DE2162 /* loginRouterInput.swift */; };
		4930C2AA22B7649600DE2162 /* loginRouter.swift in Sources */ = {isa = PBXBuildFile; fileRef = 4930C29922B7649600DE2162 /* loginRouter.swift */; };
		6706184109770734DB36748B /* Pods_LifeGaugeTests.framework in Frameworks */ = {isa = PBXBuildFile; fileRef = DA4309DE900C503D87DA6A25 /* Pods_LifeGaugeTests.framework */; };
		A488D6E519A5D29F078B050F /* Pods_LifeGaugeUITests.framework in Frameworks */ = {isa = PBXBuildFile; fileRef = 1958CDB82FB22E8B54DCD864 /* Pods_LifeGaugeUITests.framework */; };
/* End PBXBuildFile section */

/* Begin PBXContainerItemProxy section */
		4930C25F22B7566C00DE2162 /* PBXContainerItemProxy */ = {
			isa = PBXContainerItemProxy;
			containerPortal = 4930C24222B7566300DE2162 /* Project object */;
			proxyType = 1;
			remoteGlobalIDString = 4930C24922B7566300DE2162;
			remoteInfo = LifeGauge;
		};
		4930C26A22B7566C00DE2162 /* PBXContainerItemProxy */ = {
			isa = PBXContainerItemProxy;
			containerPortal = 4930C24222B7566300DE2162 /* Project object */;
			proxyType = 1;
			remoteGlobalIDString = 4930C24922B7566300DE2162;
			remoteInfo = LifeGauge;
		};
/* End PBXContainerItemProxy section */

/* Begin PBXFileReference section */
		1958CDB82FB22E8B54DCD864 /* Pods_LifeGaugeUITests.framework */ = {isa = PBXFileReference; explicitFileType = wrapper.framework; includeInIndex = 0; path = Pods_LifeGaugeUITests.framework; sourceTree = BUILT_PRODUCTS_DIR; };
		19A6A13E8CC5C3C33FCB9584 /* Pods_LifeGauge.framework */ = {isa = PBXFileReference; explicitFileType = wrapper.framework; includeInIndex = 0; path = Pods_LifeGauge.framework; sourceTree = BUILT_PRODUCTS_DIR; };
		215D6DBAAE4B92524B9FFD07 /* Pods-LifeGaugeTests.debug.xcconfig */ = {isa = PBXFileReference; includeInIndex = 1; lastKnownFileType = text.xcconfig; name = "Pods-LifeGaugeTests.debug.xcconfig"; path = "Target Support Files/Pods-LifeGaugeTests/Pods-LifeGaugeTests.debug.xcconfig"; sourceTree = "<group>"; };
		417AE76E5D3131AA7E9BD340 /* Pods-LifeGauge.debug.xcconfig */ = {isa = PBXFileReference; includeInIndex = 1; lastKnownFileType = text.xcconfig; name = "Pods-LifeGauge.debug.xcconfig"; path = "Target Support Files/Pods-LifeGauge/Pods-LifeGauge.debug.xcconfig"; sourceTree = "<group>"; };
		4930C24A22B7566300DE2162 /* LifeGauge.app */ = {isa = PBXFileReference; explicitFileType = wrapper.application; includeInIndex = 0; path = LifeGauge.app; sourceTree = BUILT_PRODUCTS_DIR; };
		4930C24D22B7566300DE2162 /* AppDelegate.swift */ = {isa = PBXFileReference; lastKnownFileType = sourcecode.swift; path = AppDelegate.swift; sourceTree = "<group>"; };
		4930C24F22B7566300DE2162 /* ViewController.swift */ = {isa = PBXFileReference; lastKnownFileType = sourcecode.swift; path = ViewController.swift; sourceTree = "<group>"; };
		4930C25222B7566300DE2162 /* Base */ = {isa = PBXFileReference; lastKnownFileType = file.storyboard; name = Base; path = Base.lproj/Main.storyboard; sourceTree = "<group>"; };
		4930C25422B7566B00DE2162 /* Assets.xcassets */ = {isa = PBXFileReference; lastKnownFileType = folder.assetcatalog; path = Assets.xcassets; sourceTree = "<group>"; };
		4930C25722B7566B00DE2162 /* Base */ = {isa = PBXFileReference; lastKnownFileType = file.storyboard; name = Base; path = Base.lproj/LaunchScreen.storyboard; sourceTree = "<group>"; };
		4930C25922B7566B00DE2162 /* Info.plist */ = {isa = PBXFileReference; lastKnownFileType = text.plist.xml; path = Info.plist; sourceTree = "<group>"; };
		4930C25E22B7566C00DE2162 /* LifeGaugeTests.xctest */ = {isa = PBXFileReference; explicitFileType = wrapper.cfbundle; includeInIndex = 0; path = LifeGaugeTests.xctest; sourceTree = BUILT_PRODUCTS_DIR; };
		4930C26222B7566C00DE2162 /* LifeGaugeTests.swift */ = {isa = PBXFileReference; lastKnownFileType = sourcecode.swift; path = LifeGaugeTests.swift; sourceTree = "<group>"; };
		4930C26422B7566C00DE2162 /* Info.plist */ = {isa = PBXFileReference; lastKnownFileType = text.plist.xml; path = Info.plist; sourceTree = "<group>"; };
		4930C26922B7566C00DE2162 /* LifeGaugeUITests.xctest */ = {isa = PBXFileReference; explicitFileType = wrapper.cfbundle; includeInIndex = 0; path = LifeGaugeUITests.xctest; sourceTree = BUILT_PRODUCTS_DIR; };
		4930C26D22B7566C00DE2162 /* LifeGaugeUITests.swift */ = {isa = PBXFileReference; lastKnownFileType = sourcecode.swift; path = LifeGaugeUITests.swift; sourceTree = "<group>"; };
		4930C26F22B7566C00DE2162 /* Info.plist */ = {isa = PBXFileReference; lastKnownFileType = text.plist.xml; path = Info.plist; sourceTree = "<group>"; };
		4930C27E22B7649600DE2162 /* loginPresenterTests.swift */ = {isa = PBXFileReference; fileEncoding = 4; lastKnownFileType = sourcecode.swift; path = loginPresenterTests.swift; sourceTree = "<group>"; };
		4930C28022B7649600DE2162 /* loginViewTests.swift */ = {isa = PBXFileReference; fileEncoding = 4; lastKnownFileType = sourcecode.swift; path = loginViewTests.swift; sourceTree = "<group>"; };
		4930C28222B7649600DE2162 /* loginConfiguratorTests.swift */ = {isa = PBXFileReference; fileEncoding = 4; lastKnownFileType = sourcecode.swift; path = loginConfiguratorTests.swift; sourceTree = "<group>"; };
		4930C28422B7649600DE2162 /* loginInteractorTests.swift */ = {isa = PBXFileReference; fileEncoding = 4; lastKnownFileType = sourcecode.swift; path = loginInteractorTests.swift; sourceTree = "<group>"; };
		4930C28622B7649600DE2162 /* loginRouterTests.swift */ = {isa = PBXFileReference; fileEncoding = 4; lastKnownFileType = sourcecode.swift; path = loginRouterTests.swift; sourceTree = "<group>"; };
		4930C28A22B7649600DE2162 /* loginModuleInput.swift */ = {isa = PBXFileReference; fileEncoding = 4; lastKnownFileType = sourcecode.swift; path = loginModuleInput.swift; sourceTree = "<group>"; };
		4930C28B22B7649600DE2162 /* loginPresenter.swift */ = {isa = PBXFileReference; fileEncoding = 4; lastKnownFileType = sourcecode.swift; path = loginPresenter.swift; sourceTree = "<group>"; };
		4930C28D22B7649600DE2162 /* loginViewOutput.swift */ = {isa = PBXFileReference; fileEncoding = 4; lastKnownFileType = sourcecode.swift; path = loginViewOutput.swift; sourceTree = "<group>"; };
		4930C28E22B7649600DE2162 /* loginViewInput.swift */ = {isa = PBXFileReference; fileEncoding = 4; lastKnownFileType = sourcecode.swift; path = loginViewInput.swift; sourceTree = "<group>"; };
		4930C28F22B7649600DE2162 /* loginViewController.swift */ = {isa = PBXFileReference; fileEncoding = 4; lastKnownFileType = sourcecode.swift; path = loginViewController.swift; sourceTree = "<group>"; };
		4930C29122B7649600DE2162 /* loginInitializer.swift */ = {isa = PBXFileReference; fileEncoding = 4; lastKnownFileType = sourcecode.swift; path = loginInitializer.swift; sourceTree = "<group>"; };
		4930C29222B7649600DE2162 /* loginConfigurator.swift */ = {isa = PBXFileReference; fileEncoding = 4; lastKnownFileType = sourcecode.swift; path = loginConfigurator.swift; sourceTree = "<group>"; };
		4930C29422B7649600DE2162 /* loginInteractorOutput.swift */ = {isa = PBXFileReference; fileEncoding = 4; lastKnownFileType = sourcecode.swift; path = loginInteractorOutput.swift; sourceTree = "<group>"; };
		4930C29522B7649600DE2162 /* loginInteractor.swift */ = {isa = PBXFileReference; fileEncoding = 4; lastKnownFileType = sourcecode.swift; path = loginInteractor.swift; sourceTree = "<group>"; };
		4930C29622B7649600DE2162 /* loginInteractorInput.swift */ = {isa = PBXFileReference; fileEncoding = 4; lastKnownFileType = sourcecode.swift; path = loginInteractorInput.swift; sourceTree = "<group>"; };
		4930C29822B7649600DE2162 /* loginRouterInput.swift */ = {isa = PBXFileReference; fileEncoding = 4; lastKnownFileType = sourcecode.swift; path = loginRouterInput.swift; sourceTree = "<group>"; };
		4930C29922B7649600DE2162 /* loginRouter.swift */ = {isa = PBXFileReference; fileEncoding = 4; lastKnownFileType = sourcecode.swift; path = loginRouter.swift; sourceTree = "<group>"; };
		72FC52114F7AD8F5C6ACB753 /* Pods-LifeGaugeTests.release.xcconfig */ = {isa = PBXFileReference; includeInIndex = 1; lastKnownFileType = text.xcconfig; name = "Pods-LifeGaugeTests.release.xcconfig"; path = "Target Support Files/Pods-LifeGaugeTests/Pods-LifeGaugeTests.release.xcconfig"; sourceTree = "<group>"; };
		837C8F35677525B7791202B2 /* Pods-LifeGaugeUITests.release.xcconfig */ = {isa = PBXFileReference; includeInIndex = 1; lastKnownFileType = text.xcconfig; name = "Pods-LifeGaugeUITests.release.xcconfig"; path = "Target Support Files/Pods-LifeGaugeUITests/Pods-LifeGaugeUITests.release.xcconfig"; sourceTree = "<group>"; };
		CE663B0540E4C469446AE3B1 /* Pods-LifeGauge.release.xcconfig */ = {isa = PBXFileReference; includeInIndex = 1; lastKnownFileType = text.xcconfig; name = "Pods-LifeGauge.release.xcconfig"; path = "Target Support Files/Pods-LifeGauge/Pods-LifeGauge.release.xcconfig"; sourceTree = "<group>"; };
		D865F5BBEC1C78615141C6CA /* Pods-LifeGaugeUITests.debug.xcconfig */ = {isa = PBXFileReference; includeInIndex = 1; lastKnownFileType = text.xcconfig; name = "Pods-LifeGaugeUITests.debug.xcconfig"; path = "Target Support Files/Pods-LifeGaugeUITests/Pods-LifeGaugeUITests.debug.xcconfig"; sourceTree = "<group>"; };
		DA4309DE900C503D87DA6A25 /* Pods_LifeGaugeTests.framework */ = {isa = PBXFileReference; explicitFileType = wrapper.framework; includeInIndex = 0; path = Pods_LifeGaugeTests.framework; sourceTree = BUILT_PRODUCTS_DIR; };
/* End PBXFileReference section */

/* Begin PBXFrameworksBuildPhase section */
		4930C24722B7566300DE2162 /* Frameworks */ = {
			isa = PBXFrameworksBuildPhase;
			buildActionMask = 2147483647;
			files = (
				1535C8D0922DE87F24809E16 /* Pods_LifeGauge.framework in Frameworks */,
			);
			runOnlyForDeploymentPostprocessing = 0;
		};
		4930C25B22B7566C00DE2162 /* Frameworks */ = {
			isa = PBXFrameworksBuildPhase;
			buildActionMask = 2147483647;
			files = (
				6706184109770734DB36748B /* Pods_LifeGaugeTests.framework in Frameworks */,
			);
			runOnlyForDeploymentPostprocessing = 0;
		};
		4930C26622B7566C00DE2162 /* Frameworks */ = {
			isa = PBXFrameworksBuildPhase;
			buildActionMask = 2147483647;
			files = (
				A488D6E519A5D29F078B050F /* Pods_LifeGaugeUITests.framework in Frameworks */,
			);
			runOnlyForDeploymentPostprocessing = 0;
		};
/* End PBXFrameworksBuildPhase section */

/* Begin PBXGroup section */
		1905B73A2D026EBC1D2AF4E8 /* Pods */ = {
			isa = PBXGroup;
			children = (
				417AE76E5D3131AA7E9BD340 /* Pods-LifeGauge.debug.xcconfig */,
				CE663B0540E4C469446AE3B1 /* Pods-LifeGauge.release.xcconfig */,
				215D6DBAAE4B92524B9FFD07 /* Pods-LifeGaugeTests.debug.xcconfig */,
				72FC52114F7AD8F5C6ACB753 /* Pods-LifeGaugeTests.release.xcconfig */,
				D865F5BBEC1C78615141C6CA /* Pods-LifeGaugeUITests.debug.xcconfig */,
				837C8F35677525B7791202B2 /* Pods-LifeGaugeUITests.release.xcconfig */,
			);
			path = Pods;
			sourceTree = "<group>";
		};
		4930C24122B7566300DE2162 = {
			isa = PBXGroup;
			children = (
				4930C24C22B7566300DE2162 /* LifeGauge */,
				4930C26122B7566C00DE2162 /* LifeGaugeTests */,
				4930C26C22B7566C00DE2162 /* LifeGaugeUITests */,
				4930C24B22B7566300DE2162 /* Products */,
				1905B73A2D026EBC1D2AF4E8 /* Pods */,
				6800861B3D5A171A7CC95A17 /* Frameworks */,
			);
			sourceTree = "<group>";
		};
		4930C24B22B7566300DE2162 /* Products */ = {
			isa = PBXGroup;
			children = (
				4930C24A22B7566300DE2162 /* LifeGauge.app */,
				4930C25E22B7566C00DE2162 /* LifeGaugeTests.xctest */,
				4930C26922B7566C00DE2162 /* LifeGaugeUITests.xctest */,
			);
			name = Products;
			sourceTree = "<group>";
		};
		4930C24C22B7566300DE2162 /* LifeGauge */ = {
			isa = PBXGroup;
			children = (
				4930C24D22B7566300DE2162 /* AppDelegate.swift */,
				4930C24F22B7566300DE2162 /* ViewController.swift */,
				4930C25122B7566300DE2162 /* Main.storyboard */,
				4930C25422B7566B00DE2162 /* Assets.xcassets */,
				4930C25622B7566B00DE2162 /* LaunchScreen.storyboard */,
				4930C25922B7566B00DE2162 /* Info.plist */,
				4930C28722B7649600DE2162 /* Modules */,
				4930C27B22B7649600DE2162 /* Tests */,
			);
			path = LifeGauge;
			sourceTree = "<group>";
		};
		4930C26122B7566C00DE2162 /* LifeGaugeTests */ = {
			isa = PBXGroup;
			children = (
				4930C26222B7566C00DE2162 /* LifeGaugeTests.swift */,
				4930C26422B7566C00DE2162 /* Info.plist */,
			);
			path = LifeGaugeTests;
			sourceTree = "<group>";
		};
		4930C26C22B7566C00DE2162 /* LifeGaugeUITests */ = {
			isa = PBXGroup;
			children = (
				4930C26D22B7566C00DE2162 /* LifeGaugeUITests.swift */,
				4930C26F22B7566C00DE2162 /* Info.plist */,
			);
			path = LifeGaugeUITests;
			sourceTree = "<group>";
		};
		4930C27B22B7649600DE2162 /* Tests */ = {
			isa = PBXGroup;
			children = (
				4930C27C22B7649600DE2162 /* login */,
			);
			path = Tests;
			sourceTree = "<group>";
		};
		4930C27C22B7649600DE2162 /* login */ = {
			isa = PBXGroup;
			children = (
				4930C27D22B7649600DE2162 /* Presenter */,
				4930C27F22B7649600DE2162 /* View */,
				4930C28122B7649600DE2162 /* Configurator */,
				4930C28322B7649600DE2162 /* Interactor */,
				4930C28522B7649600DE2162 /* Router */,
			);
			path = login;
			sourceTree = "<group>";
		};
		4930C27D22B7649600DE2162 /* Presenter */ = {
			isa = PBXGroup;
			children = (
				4930C27E22B7649600DE2162 /* loginPresenterTests.swift */,
			);
			path = Presenter;
			sourceTree = "<group>";
		};
		4930C27F22B7649600DE2162 /* View */ = {
			isa = PBXGroup;
			children = (
				4930C28022B7649600DE2162 /* loginViewTests.swift */,
			);
			path = View;
			sourceTree = "<group>";
		};
		4930C28122B7649600DE2162 /* Configurator */ = {
			isa = PBXGroup;
			children = (
				4930C28222B7649600DE2162 /* loginConfiguratorTests.swift */,
			);
			path = Configurator;
			sourceTree = "<group>";
		};
		4930C28322B7649600DE2162 /* Interactor */ = {
			isa = PBXGroup;
			children = (
				4930C28422B7649600DE2162 /* loginInteractorTests.swift */,
			);
			path = Interactor;
			sourceTree = "<group>";
		};
		4930C28522B7649600DE2162 /* Router */ = {
			isa = PBXGroup;
			children = (
				4930C28622B7649600DE2162 /* loginRouterTests.swift */,
			);
			path = Router;
			sourceTree = "<group>";
		};
		4930C28722B7649600DE2162 /* Modules */ = {
			isa = PBXGroup;
			children = (
				4930C28822B7649600DE2162 /* login */,
			);
			path = Modules;
			sourceTree = "<group>";
		};
		4930C28822B7649600DE2162 /* login */ = {
			isa = PBXGroup;
			children = (
				4930C28922B7649600DE2162 /* Presenter */,
				4930C28C22B7649600DE2162 /* View */,
				4930C29022B7649600DE2162 /* Configurator */,
				4930C29322B7649600DE2162 /* Interactor */,
				4930C29722B7649600DE2162 /* Router */,
			);
			path = login;
			sourceTree = "<group>";
		};
		4930C28922B7649600DE2162 /* Presenter */ = {
			isa = PBXGroup;
			children = (
				4930C28A22B7649600DE2162 /* loginModuleInput.swift */,
				4930C28B22B7649600DE2162 /* loginPresenter.swift */,
			);
			path = Presenter;
			sourceTree = "<group>";
		};
		4930C28C22B7649600DE2162 /* View */ = {
			isa = PBXGroup;
			children = (
				4930C28D22B7649600DE2162 /* loginViewOutput.swift */,
				4930C28E22B7649600DE2162 /* loginViewInput.swift */,
				4930C28F22B7649600DE2162 /* loginViewController.swift */,
			);
			path = View;
			sourceTree = "<group>";
		};
		4930C29022B7649600DE2162 /* Configurator */ = {
			isa = PBXGroup;
			children = (
				4930C29122B7649600DE2162 /* loginInitializer.swift */,
				4930C29222B7649600DE2162 /* loginConfigurator.swift */,
			);
			path = Configurator;
			sourceTree = "<group>";
		};
		4930C29322B7649600DE2162 /* Interactor */ = {
			isa = PBXGroup;
			children = (
				4930C29422B7649600DE2162 /* loginInteractorOutput.swift */,
				4930C29522B7649600DE2162 /* loginInteractor.swift */,
				4930C29622B7649600DE2162 /* loginInteractorInput.swift */,
			);
			path = Interactor;
			sourceTree = "<group>";
		};
		4930C29722B7649600DE2162 /* Router */ = {
			isa = PBXGroup;
			children = (
				4930C29822B7649600DE2162 /* loginRouterInput.swift */,
				4930C29922B7649600DE2162 /* loginRouter.swift */,
			);
			path = Router;
			sourceTree = "<group>";
		};
		6800861B3D5A171A7CC95A17 /* Frameworks */ = {
			isa = PBXGroup;
			children = (
				19A6A13E8CC5C3C33FCB9584 /* Pods_LifeGauge.framework */,
				DA4309DE900C503D87DA6A25 /* Pods_LifeGaugeTests.framework */,
				1958CDB82FB22E8B54DCD864 /* Pods_LifeGaugeUITests.framework */,
			);
			name = Frameworks;
			sourceTree = "<group>";
		};
/* End PBXGroup section */

/* Begin PBXNativeTarget section */
		4930C24922B7566300DE2162 /* LifeGauge */ = {
			isa = PBXNativeTarget;
			buildConfigurationList = 4930C27222B7566C00DE2162 /* Build configuration list for PBXNativeTarget "LifeGauge" */;
			buildPhases = (
				B919D83525B2BFAA67051068 /* [CP] Check Pods Manifest.lock */,
				4930C24622B7566300DE2162 /* Sources */,
				4930C24722B7566300DE2162 /* Frameworks */,
				4930C24822B7566300DE2162 /* Resources */,
				9346CED2AA1809A64E48D35B /* [CP] Embed Pods Frameworks */,
			);
			buildRules = (
			);
			dependencies = (
			);
			name = LifeGauge;
			productName = LifeGauge;
			productReference = 4930C24A22B7566300DE2162 /* LifeGauge.app */;
			productType = "com.apple.product-type.application";
		};
		4930C25D22B7566C00DE2162 /* LifeGaugeTests */ = {
			isa = PBXNativeTarget;
			buildConfigurationList = 4930C27522B7566C00DE2162 /* Build configuration list for PBXNativeTarget "LifeGaugeTests" */;
			buildPhases = (
				FD6FFD4FF2B06159C88BF898 /* [CP] Check Pods Manifest.lock */,
				4930C25A22B7566C00DE2162 /* Sources */,
				4930C25B22B7566C00DE2162 /* Frameworks */,
				4930C25C22B7566C00DE2162 /* Resources */,
			);
			buildRules = (
			);
			dependencies = (
				4930C26022B7566C00DE2162 /* PBXTargetDependency */,
			);
			name = LifeGaugeTests;
			productName = LifeGaugeTests;
			productReference = 4930C25E22B7566C00DE2162 /* LifeGaugeTests.xctest */;
			productType = "com.apple.product-type.bundle.unit-test";
		};
		4930C26822B7566C00DE2162 /* LifeGaugeUITests */ = {
			isa = PBXNativeTarget;
			buildConfigurationList = 4930C27822B7566C00DE2162 /* Build configuration list for PBXNativeTarget "LifeGaugeUITests" */;
			buildPhases = (
				275547B37FFD8B43D948D4B3 /* [CP] Check Pods Manifest.lock */,
				4930C26522B7566C00DE2162 /* Sources */,
				4930C26622B7566C00DE2162 /* Frameworks */,
				4930C26722B7566C00DE2162 /* Resources */,
			);
			buildRules = (
			);
			dependencies = (
				4930C26B22B7566C00DE2162 /* PBXTargetDependency */,
			);
			name = LifeGaugeUITests;
			productName = LifeGaugeUITests;
			productReference = 4930C26922B7566C00DE2162 /* LifeGaugeUITests.xctest */;
			productType = "com.apple.product-type.bundle.ui-testing";
		};
/* End PBXNativeTarget section */

/* Begin PBXProject section */
		4930C24222B7566300DE2162 /* Project object */ = {
			isa = PBXProject;
			attributes = {
				LastSwiftUpdateCheck = 1020;
				LastUpgradeCheck = 1020;
				ORGANIZATIONNAME = "HT-Swear";
				TargetAttributes = {
					4930C24922B7566300DE2162 = {
						CreatedOnToolsVersion = 10.2.1;
					};
					4930C25D22B7566C00DE2162 = {
						CreatedOnToolsVersion = 10.2.1;
						TestTargetID = 4930C24922B7566300DE2162;
					};
					4930C26822B7566C00DE2162 = {
						CreatedOnToolsVersion = 10.2.1;
						TestTargetID = 4930C24922B7566300DE2162;
					};
				};
			};
			buildConfigurationList = 4930C24522B7566300DE2162 /* Build configuration list for PBXProject "LifeGauge" */;
			compatibilityVersion = "Xcode 9.3";
			developmentRegion = en;
			hasScannedForEncodings = 0;
			knownRegions = (
				en,
				Base,
			);
			mainGroup = 4930C24122B7566300DE2162;
			productRefGroup = 4930C24B22B7566300DE2162 /* Products */;
			projectDirPath = "";
			projectRoot = "";
			targets = (
				4930C24922B7566300DE2162 /* LifeGauge */,
				4930C25D22B7566C00DE2162 /* LifeGaugeTests */,
				4930C26822B7566C00DE2162 /* LifeGaugeUITests */,
			);
		};
/* End PBXProject section */

/* Begin PBXResourcesBuildPhase section */
		4930C24822B7566300DE2162 /* Resources */ = {
			isa = PBXResourcesBuildPhase;
			buildActionMask = 2147483647;
			files = (
				4930C25822B7566B00DE2162 /* LaunchScreen.storyboard in Resources */,
				4930C25522B7566B00DE2162 /* Assets.xcassets in Resources */,
				4930C25322B7566300DE2162 /* Main.storyboard in Resources */,
			);
			runOnlyForDeploymentPostprocessing = 0;
		};
		4930C25C22B7566C00DE2162 /* Resources */ = {
			isa = PBXResourcesBuildPhase;
			buildActionMask = 2147483647;
			files = (
			);
			runOnlyForDeploymentPostprocessing = 0;
		};
		4930C26722B7566C00DE2162 /* Resources */ = {
			isa = PBXResourcesBuildPhase;
			buildActionMask = 2147483647;
			files = (
			);
			runOnlyForDeploymentPostprocessing = 0;
		};
/* End PBXResourcesBuildPhase section */

/* Begin PBXShellScriptBuildPhase section */
		275547B37FFD8B43D948D4B3 /* [CP] Check Pods Manifest.lock */ = {
			isa = PBXShellScriptBuildPhase;
			buildActionMask = 2147483647;
			files = (
			);
			inputFileListPaths = (
			);
			inputPaths = (
				"${PODS_PODFILE_DIR_PATH}/Podfile.lock",
				"${PODS_ROOT}/Manifest.lock",
			);
			name = "[CP] Check Pods Manifest.lock";
			outputFileListPaths = (
			);
			outputPaths = (
				"$(DERIVED_FILE_DIR)/Pods-LifeGaugeUITests-checkManifestLockResult.txt",
			);
			runOnlyForDeploymentPostprocessing = 0;
			shellPath = /bin/sh;
			shellScript = "diff \"${PODS_PODFILE_DIR_PATH}/Podfile.lock\" \"${PODS_ROOT}/Manifest.lock\" > /dev/null\nif [ $? != 0 ] ; then\n    # print error to STDERR\n    echo \"error: The sandbox is not in sync with the Podfile.lock. Run 'pod install' or update your CocoaPods installation.\" >&2\n    exit 1\nfi\n# This output is used by Xcode 'outputs' to avoid re-running this script phase.\necho \"SUCCESS\" > \"${SCRIPT_OUTPUT_FILE_0}\"\n";
			showEnvVarsInLog = 0;
		};
		9346CED2AA1809A64E48D35B /* [CP] Embed Pods Frameworks */ = {
			isa = PBXShellScriptBuildPhase;
			buildActionMask = 2147483647;
			files = (
			);
			inputFileListPaths = (
				"${PODS_ROOT}/Target Support Files/Pods-LifeGauge/Pods-LifeGauge-frameworks-${CONFIGURATION}-input-files.xcfilelist",
			);
			name = "[CP] Embed Pods Frameworks";
			outputFileListPaths = (
				"${PODS_ROOT}/Target Support Files/Pods-LifeGauge/Pods-LifeGauge-frameworks-${CONFIGURATION}-output-files.xcfilelist",
			);
			runOnlyForDeploymentPostprocessing = 0;
			shellPath = /bin/sh;
			shellScript = "\"${PODS_ROOT}/Target Support Files/Pods-LifeGauge/Pods-LifeGauge-frameworks.sh\"\n";
			showEnvVarsInLog = 0;
		};
		B919D83525B2BFAA67051068 /* [CP] Check Pods Manifest.lock */ = {
			isa = PBXShellScriptBuildPhase;
			buildActionMask = 2147483647;
			files = (
			);
			inputFileListPaths = (
			);
			inputPaths = (
				"${PODS_PODFILE_DIR_PATH}/Podfile.lock",
				"${PODS_ROOT}/Manifest.lock",
			);
			name = "[CP] Check Pods Manifest.lock";
			outputFileListPaths = (
			);
			outputPaths = (
				"$(DERIVED_FILE_DIR)/Pods-LifeGauge-checkManifestLockResult.txt",
			);
			runOnlyForDeploymentPostprocessing = 0;
			shellPath = /bin/sh;
			shellScript = "diff \"${PODS_PODFILE_DIR_PATH}/Podfile.lock\" \"${PODS_ROOT}/Manifest.lock\" > /dev/null\nif [ $? != 0 ] ; then\n    # print error to STDERR\n    echo \"error: The sandbox is not in sync with the Podfile.lock. Run 'pod install' or update your CocoaPods installation.\" >&2\n    exit 1\nfi\n# This output is used by Xcode 'outputs' to avoid re-running this script phase.\necho \"SUCCESS\" > \"${SCRIPT_OUTPUT_FILE_0}\"\n";
			showEnvVarsInLog = 0;
		};
		FD6FFD4FF2B06159C88BF898 /* [CP] Check Pods Manifest.lock */ = {
			isa = PBXShellScriptBuildPhase;
			buildActionMask = 2147483647;
			files = (
			);
			inputFileListPaths = (
			);
			inputPaths = (
				"${PODS_PODFILE_DIR_PATH}/Podfile.lock",
				"${PODS_ROOT}/Manifest.lock",
			);
			name = "[CP] Check Pods Manifest.lock";
			outputFileListPaths = (
			);
			outputPaths = (
				"$(DERIVED_FILE_DIR)/Pods-LifeGaugeTests-checkManifestLockResult.txt",
			);
			runOnlyForDeploymentPostprocessing = 0;
			shellPath = /bin/sh;
			shellScript = "diff \"${PODS_PODFILE_DIR_PATH}/Podfile.lock\" \"${PODS_ROOT}/Manifest.lock\" > /dev/null\nif [ $? != 0 ] ; then\n    # print error to STDERR\n    echo \"error: The sandbox is not in sync with the Podfile.lock. Run 'pod install' or update your CocoaPods installation.\" >&2\n    exit 1\nfi\n# This output is used by Xcode 'outputs' to avoid re-running this script phase.\necho \"SUCCESS\" > \"${SCRIPT_OUTPUT_FILE_0}\"\n";
			showEnvVarsInLog = 0;
		};
/* End PBXShellScriptBuildPhase section */

/* Begin PBXSourcesBuildPhase section */
		4930C24622B7566300DE2162 /* Sources */ = {
			isa = PBXSourcesBuildPhase;
			buildActionMask = 2147483647;
			files = (
				4930C2AA22B7649600DE2162 /* loginRouter.swift in Sources */,
				4930C2A822B7649600DE2162 /* loginInteractorInput.swift in Sources */,
				4930C29F22B7649600DE2162 /* loginModuleInput.swift in Sources */,
				4930C29C22B7649600DE2162 /* loginConfiguratorTests.swift in Sources */,
				4930C29A22B7649600DE2162 /* loginPresenterTests.swift in Sources */,
				4930C2A122B7649600DE2162 /* loginViewOutput.swift in Sources */,
				4930C2A722B7649600DE2162 /* loginInteractor.swift in Sources */,
				4930C2A022B7649600DE2162 /* loginPresenter.swift in Sources */,
				4930C2A922B7649600DE2162 /* loginRouterInput.swift in Sources */,
				4930C29D22B7649600DE2162 /* loginInteractorTests.swift in Sources */,
				4930C2A222B7649600DE2162 /* loginViewInput.swift in Sources */,
				4930C25022B7566300DE2162 /* ViewController.swift in Sources */,
				4930C2A322B7649600DE2162 /* loginViewController.swift in Sources */,
				4930C29B22B7649600DE2162 /* loginViewTests.swift in Sources */,
				4930C29E22B7649600DE2162 /* loginRouterTests.swift in Sources */,
				4930C24E22B7566300DE2162 /* AppDelegate.swift in Sources */,
				4930C2A622B7649600DE2162 /* loginInteractorOutput.swift in Sources */,
				4930C2A522B7649600DE2162 /* loginConfigurator.swift in Sources */,
				4930C2A422B7649600DE2162 /* loginInitializer.swift in Sources */,
			);
			runOnlyForDeploymentPostprocessing = 0;
		};
		4930C25A22B7566C00DE2162 /* Sources */ = {
			isa = PBXSourcesBuildPhase;
			buildActionMask = 2147483647;
			files = (
				4930C26322B7566C00DE2162 /* LifeGaugeTests.swift in Sources */,
			);
			runOnlyForDeploymentPostprocessing = 0;
		};
		4930C26522B7566C00DE2162 /* Sources */ = {
			isa = PBXSourcesBuildPhase;
			buildActionMask = 2147483647;
			files = (
				4930C26E22B7566C00DE2162 /* LifeGaugeUITests.swift in Sources */,
			);
			runOnlyForDeploymentPostprocessing = 0;
		};
/* End PBXSourcesBuildPhase section */

/* Begin PBXTargetDependency section */
		4930C26022B7566C00DE2162 /* PBXTargetDependency */ = {
			isa = PBXTargetDependency;
			target = 4930C24922B7566300DE2162 /* LifeGauge */;
			targetProxy = 4930C25F22B7566C00DE2162 /* PBXContainerItemProxy */;
		};
		4930C26B22B7566C00DE2162 /* PBXTargetDependency */ = {
			isa = PBXTargetDependency;
			target = 4930C24922B7566300DE2162 /* LifeGauge */;
			targetProxy = 4930C26A22B7566C00DE2162 /* PBXContainerItemProxy */;
		};
/* End PBXTargetDependency section */

/* Begin PBXVariantGroup section */
		4930C25122B7566300DE2162 /* Main.storyboard */ = {
			isa = PBXVariantGroup;
			children = (
				4930C25222B7566300DE2162 /* Base */,
			);
			name = Main.storyboard;
			sourceTree = "<group>";
		};
		4930C25622B7566B00DE2162 /* LaunchScreen.storyboard */ = {
			isa = PBXVariantGroup;
			children = (
				4930C25722B7566B00DE2162 /* Base */,
			);
			name = LaunchScreen.storyboard;
			sourceTree = "<group>";
		};
/* End PBXVariantGroup section */

/* Begin XCBuildConfiguration section */
		4930C27022B7566C00DE2162 /* Debug */ = {
			isa = XCBuildConfiguration;
			buildSettings = {
				ALWAYS_SEARCH_USER_PATHS = NO;
				CLANG_ANALYZER_NONNULL = YES;
				CLANG_ANALYZER_NUMBER_OBJECT_CONVERSION = YES_AGGRESSIVE;
				CLANG_CXX_LANGUAGE_STANDARD = "gnu++14";
				CLANG_CXX_LIBRARY = "libc++";
				CLANG_ENABLE_MODULES = YES;
				CLANG_ENABLE_OBJC_ARC = YES;
				CLANG_ENABLE_OBJC_WEAK = YES;
				CLANG_WARN_BLOCK_CAPTURE_AUTORELEASING = YES;
				CLANG_WARN_BOOL_CONVERSION = YES;
				CLANG_WARN_COMMA = YES;
				CLANG_WARN_CONSTANT_CONVERSION = YES;
				CLANG_WARN_DEPRECATED_OBJC_IMPLEMENTATIONS = YES;
				CLANG_WARN_DIRECT_OBJC_ISA_USAGE = YES_ERROR;
				CLANG_WARN_DOCUMENTATION_COMMENTS = YES;
				CLANG_WARN_EMPTY_BODY = YES;
				CLANG_WARN_ENUM_CONVERSION = YES;
				CLANG_WARN_INFINITE_RECURSION = YES;
				CLANG_WARN_INT_CONVERSION = YES;
				CLANG_WARN_NON_LITERAL_NULL_CONVERSION = YES;
				CLANG_WARN_OBJC_IMPLICIT_RETAIN_SELF = YES;
				CLANG_WARN_OBJC_LITERAL_CONVERSION = YES;
				CLANG_WARN_OBJC_ROOT_CLASS = YES_ERROR;
				CLANG_WARN_RANGE_LOOP_ANALYSIS = YES;
				CLANG_WARN_STRICT_PROTOTYPES = YES;
				CLANG_WARN_SUSPICIOUS_MOVE = YES;
				CLANG_WARN_UNGUARDED_AVAILABILITY = YES_AGGRESSIVE;
				CLANG_WARN_UNREACHABLE_CODE = YES;
				CLANG_WARN__DUPLICATE_METHOD_MATCH = YES;
				CODE_SIGN_IDENTITY = "iPhone Developer";
				COPY_PHASE_STRIP = NO;
				DEBUG_INFORMATION_FORMAT = dwarf;
				ENABLE_STRICT_OBJC_MSGSEND = YES;
				ENABLE_TESTABILITY = YES;
				GCC_C_LANGUAGE_STANDARD = gnu11;
				GCC_DYNAMIC_NO_PIC = NO;
				GCC_NO_COMMON_BLOCKS = YES;
				GCC_OPTIMIZATION_LEVEL = 0;
				GCC_PREPROCESSOR_DEFINITIONS = (
					"DEBUG=1",
					"$(inherited)",
				);
				GCC_WARN_64_TO_32_BIT_CONVERSION = YES;
				GCC_WARN_ABOUT_RETURN_TYPE = YES_ERROR;
				GCC_WARN_UNDECLARED_SELECTOR = YES;
				GCC_WARN_UNINITIALIZED_AUTOS = YES_AGGRESSIVE;
				GCC_WARN_UNUSED_FUNCTION = YES;
				GCC_WARN_UNUSED_VARIABLE = YES;
				IPHONEOS_DEPLOYMENT_TARGET = 12.2;
				MTL_ENABLE_DEBUG_INFO = INCLUDE_SOURCE;
				MTL_FAST_MATH = YES;
				ONLY_ACTIVE_ARCH = YES;
				SDKROOT = iphoneos;
				SWIFT_ACTIVE_COMPILATION_CONDITIONS = DEBUG;
				SWIFT_OPTIMIZATION_LEVEL = "-Onone";
			};
			name = Debug;
		};
		4930C27122B7566C00DE2162 /* Release */ = {
			isa = XCBuildConfiguration;
			buildSettings = {
				ALWAYS_SEARCH_USER_PATHS = NO;
				CLANG_ANALYZER_NONNULL = YES;
				CLANG_ANALYZER_NUMBER_OBJECT_CONVERSION = YES_AGGRESSIVE;
				CLANG_CXX_LANGUAGE_STANDARD = "gnu++14";
				CLANG_CXX_LIBRARY = "libc++";
				CLANG_ENABLE_MODULES = YES;
				CLANG_ENABLE_OBJC_ARC = YES;
				CLANG_ENABLE_OBJC_WEAK = YES;
				CLANG_WARN_BLOCK_CAPTURE_AUTORELEASING = YES;
				CLANG_WARN_BOOL_CONVERSION = YES;
				CLANG_WARN_COMMA = YES;
				CLANG_WARN_CONSTANT_CONVERSION = YES;
				CLANG_WARN_DEPRECATED_OBJC_IMPLEMENTATIONS = YES;
				CLANG_WARN_DIRECT_OBJC_ISA_USAGE = YES_ERROR;
				CLANG_WARN_DOCUMENTATION_COMMENTS = YES;
				CLANG_WARN_EMPTY_BODY = YES;
				CLANG_WARN_ENUM_CONVERSION = YES;
				CLANG_WARN_INFINITE_RECURSION = YES;
				CLANG_WARN_INT_CONVERSION = YES;
				CLANG_WARN_NON_LITERAL_NULL_CONVERSION = YES;
				CLANG_WARN_OBJC_IMPLICIT_RETAIN_SELF = YES;
				CLANG_WARN_OBJC_LITERAL_CONVERSION = YES;
				CLANG_WARN_OBJC_ROOT_CLASS = YES_ERROR;
				CLANG_WARN_RANGE_LOOP_ANALYSIS = YES;
				CLANG_WARN_STRICT_PROTOTYPES = YES;
				CLANG_WARN_SUSPICIOUS_MOVE = YES;
				CLANG_WARN_UNGUARDED_AVAILABILITY = YES_AGGRESSIVE;
				CLANG_WARN_UNREACHABLE_CODE = YES;
				CLANG_WARN__DUPLICATE_METHOD_MATCH = YES;
				CODE_SIGN_IDENTITY = "iPhone Developer";
				COPY_PHASE_STRIP = NO;
				DEBUG_INFORMATION_FORMAT = "dwarf-with-dsym";
				ENABLE_NS_ASSERTIONS = NO;
				ENABLE_STRICT_OBJC_MSGSEND = YES;
				GCC_C_LANGUAGE_STANDARD = gnu11;
				GCC_NO_COMMON_BLOCKS = YES;
				GCC_WARN_64_TO_32_BIT_CONVERSION = YES;
				GCC_WARN_ABOUT_RETURN_TYPE = YES_ERROR;
				GCC_WARN_UNDECLARED_SELECTOR = YES;
				GCC_WARN_UNINITIALIZED_AUTOS = YES_AGGRESSIVE;
				GCC_WARN_UNUSED_FUNCTION = YES;
				GCC_WARN_UNUSED_VARIABLE = YES;
				IPHONEOS_DEPLOYMENT_TARGET = 12.2;
				MTL_ENABLE_DEBUG_INFO = NO;
				MTL_FAST_MATH = YES;
				SDKROOT = iphoneos;
				SWIFT_COMPILATION_MODE = wholemodule;
				SWIFT_OPTIMIZATION_LEVEL = "-O";
				VALIDATE_PRODUCT = YES;
			};
			name = Release;
		};
		4930C27322B7566C00DE2162 /* Debug */ = {
			isa = XCBuildConfiguration;
			baseConfigurationReference = 417AE76E5D3131AA7E9BD340 /* Pods-LifeGauge.debug.xcconfig */;
			buildSettings = {
				ASSETCATALOG_COMPILER_APPICON_NAME = AppIcon;
				CODE_SIGN_STYLE = Automatic;
				INFOPLIST_FILE = LifeGauge/Info.plist;
				LD_RUNPATH_SEARCH_PATHS = (
					"$(inherited)",
					"@executable_path/Frameworks",
				);
				PRODUCT_BUNDLE_IDENTIFIER = io.htswear.lifeguage.ios.LifeGauge;
				PRODUCT_NAME = "$(TARGET_NAME)";
				SWIFT_VERSION = 5.0;
				TARGETED_DEVICE_FAMILY = "1,2";
			};
			name = Debug;
		};
		4930C27422B7566C00DE2162 /* Release */ = {
			isa = XCBuildConfiguration;
			baseConfigurationReference = CE663B0540E4C469446AE3B1 /* Pods-LifeGauge.release.xcconfig */;
			buildSettings = {
				ASSETCATALOG_COMPILER_APPICON_NAME = AppIcon;
				CODE_SIGN_STYLE = Automatic;
				INFOPLIST_FILE = LifeGauge/Info.plist;
				LD_RUNPATH_SEARCH_PATHS = (
					"$(inherited)",
					"@executable_path/Frameworks",
				);
				PRODUCT_BUNDLE_IDENTIFIER = io.htswear.lifeguage.ios.LifeGauge;
				PRODUCT_NAME = "$(TARGET_NAME)";
				SWIFT_VERSION = 5.0;
				TARGETED_DEVICE_FAMILY = "1,2";
			};
			name = Release;
		};
		4930C27622B7566C00DE2162 /* Debug */ = {
			isa = XCBuildConfiguration;
			baseConfigurationReference = 215D6DBAAE4B92524B9FFD07 /* Pods-LifeGaugeTests.debug.xcconfig */;
			buildSettings = {
				ALWAYS_EMBED_SWIFT_STANDARD_LIBRARIES = YES;
				BUNDLE_LOADER = "$(TEST_HOST)";
				CODE_SIGN_STYLE = Automatic;
				INFOPLIST_FILE = LifeGaugeTests/Info.plist;
				LD_RUNPATH_SEARCH_PATHS = (
					"$(inherited)",
					"@executable_path/Frameworks",
					"@loader_path/Frameworks",
				);
				PRODUCT_BUNDLE_IDENTIFIER = io.htswear.lifeguage.ios.LifeGaugeTests;
				PRODUCT_NAME = "$(TARGET_NAME)";
				SWIFT_VERSION = 5.0;
				TARGETED_DEVICE_FAMILY = "1,2";
				TEST_HOST = "$(BUILT_PRODUCTS_DIR)/LifeGauge.app/LifeGauge";
			};
			name = Debug;
		};
		4930C27722B7566C00DE2162 /* Release */ = {
			isa = XCBuildConfiguration;
			baseConfigurationReference = 72FC52114F7AD8F5C6ACB753 /* Pods-LifeGaugeTests.release.xcconfig */;
			buildSettings = {
				ALWAYS_EMBED_SWIFT_STANDARD_LIBRARIES = YES;
				BUNDLE_LOADER = "$(TEST_HOST)";
				CODE_SIGN_STYLE = Automatic;
				INFOPLIST_FILE = LifeGaugeTests/Info.plist;
				LD_RUNPATH_SEARCH_PATHS = (
					"$(inherited)",
					"@executable_path/Frameworks",
					"@loader_path/Frameworks",
				);
				PRODUCT_BUNDLE_IDENTIFIER = io.htswear.lifeguage.ios.LifeGaugeTests;
				PRODUCT_NAME = "$(TARGET_NAME)";
				SWIFT_VERSION = 5.0;
				TARGETED_DEVICE_FAMILY = "1,2";
				TEST_HOST = "$(BUILT_PRODUCTS_DIR)/LifeGauge.app/LifeGauge";
			};
			name = Release;
		};
		4930C27922B7566C00DE2162 /* Debug */ = {
			isa = XCBuildConfiguration;
			baseConfigurationReference = D865F5BBEC1C78615141C6CA /* Pods-LifeGaugeUITests.debug.xcconfig */;
			buildSettings = {
				ALWAYS_EMBED_SWIFT_STANDARD_LIBRARIES = YES;
				CODE_SIGN_STYLE = Automatic;
				INFOPLIST_FILE = LifeGaugeUITests/Info.plist;
				LD_RUNPATH_SEARCH_PATHS = (
					"$(inherited)",
					"@executable_path/Frameworks",
					"@loader_path/Frameworks",
				);
				PRODUCT_BUNDLE_IDENTIFIER = io.htswear.lifeguage.ios.LifeGaugeUITests;
				PRODUCT_NAME = "$(TARGET_NAME)";
				SWIFT_VERSION = 5.0;
				TARGETED_DEVICE_FAMILY = "1,2";
				TEST_TARGET_NAME = LifeGauge;
			};
			name = Debug;
		};
		4930C27A22B7566C00DE2162 /* Release */ = {
			isa = XCBuildConfiguration;
			baseConfigurationReference = 837C8F35677525B7791202B2 /* Pods-LifeGaugeUITests.release.xcconfig */;
			buildSettings = {
				ALWAYS_EMBED_SWIFT_STANDARD_LIBRARIES = YES;
				CODE_SIGN_STYLE = Automatic;
				INFOPLIST_FILE = LifeGaugeUITests/Info.plist;
				LD_RUNPATH_SEARCH_PATHS = (
					"$(inherited)",
					"@executable_path/Frameworks",
					"@loader_path/Frameworks",
				);
				PRODUCT_BUNDLE_IDENTIFIER = io.htswear.lifeguage.ios.LifeGaugeUITests;
				PRODUCT_NAME = "$(TARGET_NAME)";
				SWIFT_VERSION = 5.0;
				TARGETED_DEVICE_FAMILY = "1,2";
				TEST_TARGET_NAME = LifeGauge;
			};
			name = Release;
		};
/* End XCBuildConfiguration section */

/* Begin XCConfigurationList section */
		4930C24522B7566300DE2162 /* Build configuration list for PBXProject "LifeGauge" */ = {
			isa = XCConfigurationList;
			buildConfigurations = (
				4930C27022B7566C00DE2162 /* Debug */,
				4930C27122B7566C00DE2162 /* Release */,
			);
			defaultConfigurationIsVisible = 0;
			defaultConfigurationName = Release;
		};
		4930C27222B7566C00DE2162 /* Build configuration list for PBXNativeTarget "LifeGauge" */ = {
			isa = XCConfigurationList;
			buildConfigurations = (
				4930C27322B7566C00DE2162 /* Debug */,
				4930C27422B7566C00DE2162 /* Release */,
			);
			defaultConfigurationIsVisible = 0;
			defaultConfigurationName = Release;
		};
		4930C27522B7566C00DE2162 /* Build configuration list for PBXNativeTarget "LifeGaugeTests" */ = {
			isa = XCConfigurationList;
			buildConfigurations = (
				4930C27622B7566C00DE2162 /* Debug */,
				4930C27722B7566C00DE2162 /* Release */,
			);
			defaultConfigurationIsVisible = 0;
			defaultConfigurationName = Release;
		};
		4930C27822B7566C00DE2162 /* Build configuration list for PBXNativeTarget "LifeGaugeUITests" */ = {
			isa = XCConfigurationList;
			buildConfigurations = (
				4930C27922B7566C00DE2162 /* Debug */,
				4930C27A22B7566C00DE2162 /* Release */,
			);
			defaultConfigurationIsVisible = 0;
			defaultConfigurationName = Release;
		};
/* End XCConfigurationList section */
	};
	rootObject = 4930C24222B7566300DE2162 /* Project object */;
}
