// !$*UTF8*$!
{
	archiveVersion = 1;
	classes = {
	};
	objectVersion = 51;
	objects = {

/* Begin PBXBuildFile section */
		1535C8D0922DE87F24809E16 /* Pods_LifeGauge.framework in Frameworks */ = {isa = PBXBuildFile; fileRef = 19A6A13E8CC5C3C33FCB9584 /* Pods_LifeGauge.framework */; };
		4900786F22BF5B8600FC345D /* HomePresenter.swift in Sources */ = {isa = PBXBuildFile; fileRef = 4900786222BF5B8500FC345D /* HomePresenter.swift */; };
		4900787022BF5B8600FC345D /* HomeViewOutput.swift in Sources */ = {isa = PBXBuildFile; fileRef = 4900786422BF5B8500FC345D /* HomeViewOutput.swift */; };
		4900787122BF5B8600FC345D /* HomeViewController.swift in Sources */ = {isa = PBXBuildFile; fileRef = 4900786522BF5B8500FC345D /* HomeViewController.swift */; };
		4900787222BF5B8600FC345D /* HomeViewInput.swift in Sources */ = {isa = PBXBuildFile; fileRef = 4900786622BF5B8500FC345D /* HomeViewInput.swift */; };
		4900787322BF5B8600FC345D /* HomeInteractorOutput.swift in Sources */ = {isa = PBXBuildFile; fileRef = 4900786822BF5B8500FC345D /* HomeInteractorOutput.swift */; };
		4900787422BF5B8600FC345D /* HomeInteractorInput.swift in Sources */ = {isa = PBXBuildFile; fileRef = 4900786922BF5B8500FC345D /* HomeInteractorInput.swift */; };
		4900787522BF5B8600FC345D /* HomeInteractor.swift in Sources */ = {isa = PBXBuildFile; fileRef = 4900786A22BF5B8500FC345D /* HomeInteractor.swift */; };
		4900787622BF5B8600FC345D /* HomeRouterInput.swift in Sources */ = {isa = PBXBuildFile; fileRef = 4900786C22BF5B8600FC345D /* HomeRouterInput.swift */; };
		4900787722BF5B8600FC345D /* HomeRouter.swift in Sources */ = {isa = PBXBuildFile; fileRef = 4900786D22BF5B8600FC345D /* HomeRouter.swift */; };
		4930C24E22B7566300DE2162 /* AppDelegate.swift in Sources */ = {isa = PBXBuildFile; fileRef = 4930C24D22B7566300DE2162 /* AppDelegate.swift */; };
		4930C25322B7566300DE2162 /* Main.storyboard in Resources */ = {isa = PBXBuildFile; fileRef = 4930C25122B7566300DE2162 /* Main.storyboard */; };
		4930C25522B7566B00DE2162 /* Assets.xcassets in Resources */ = {isa = PBXBuildFile; fileRef = 4930C25422B7566B00DE2162 /* Assets.xcassets */; };
		4930C25822B7566B00DE2162 /* LaunchScreen.storyboard in Resources */ = {isa = PBXBuildFile; fileRef = 4930C25622B7566B00DE2162 /* LaunchScreen.storyboard */; };
		4930C26322B7566C00DE2162 /* LifeGaugeTests.swift in Sources */ = {isa = PBXBuildFile; fileRef = 4930C26222B7566C00DE2162 /* LifeGaugeTests.swift */; };
		4930C26E22B7566C00DE2162 /* LifeGaugeUITests.swift in Sources */ = {isa = PBXBuildFile; fileRef = 4930C26D22B7566C00DE2162 /* LifeGaugeUITests.swift */; };
		49DA776622BBEDBC00E32A9D /* R.generated.swift in Sources */ = {isa = PBXBuildFile; fileRef = 49DA776522BBEDBC00E32A9D /* R.generated.swift */; };
		49EFED4322C738BD00652D75 /* GoogleService-Info.plist in Resources */ = {isa = PBXBuildFile; fileRef = 49EFED4222C738BD00652D75 /* GoogleService-Info.plist */; };
		6706184109770734DB36748B /* Pods_LifeGaugeTests.framework in Frameworks */ = {isa = PBXBuildFile; fileRef = DA4309DE900C503D87DA6A25 /* Pods_LifeGaugeTests.framework */; };
		A488D6E519A5D29F078B050F /* Pods_LifeGaugeUITests.framework in Frameworks */ = {isa = PBXBuildFile; fileRef = 1958CDB82FB22E8B54DCD864 /* Pods_LifeGaugeUITests.framework */; };
		CF55413222B8ACBD00242B31 /* loginConfiguratorTests.swift in Sources */ = {isa = PBXBuildFile; fileRef = 4930C28222B7649600DE2162 /* loginConfiguratorTests.swift */; };
		CF55413322B8ACDC00242B31 /* loginPresenterTests.swift in Sources */ = {isa = PBXBuildFile; fileRef = 4930C27E22B7649600DE2162 /* loginPresenterTests.swift */; };
		CF55413422B8ACE900242B31 /* loginInteractorTests.swift in Sources */ = {isa = PBXBuildFile; fileRef = 4930C28422B7649600DE2162 /* loginInteractorTests.swift */; };
		CF55413522B8ACF800242B31 /* loginViewTests.swift in Sources */ = {isa = PBXBuildFile; fileRef = 4930C28022B7649600DE2162 /* loginViewTests.swift */; };
		CF55413622B8AD0C00242B31 /* loginRouterTests.swift in Sources */ = {isa = PBXBuildFile; fileRef = 4930C28622B7649600DE2162 /* loginRouterTests.swift */; };
		CF7CB28622B8B1110075A83C /* TimeGauge.swift in Sources */ = {isa = PBXBuildFile; fileRef = CF7CB28522B8B1110075A83C /* TimeGauge.swift */; };
		CF7CB28822B9F5970075A83C /* RootRouter.swift in Sources */ = {isa = PBXBuildFile; fileRef = CF7CB28722B9F5970075A83C /* RootRouter.swift */; };
		CFA7954E22BA391F00C55FFB /* TimeGaugeCell.swift in Sources */ = {isa = PBXBuildFile; fileRef = CFA7954C22BA391F00C55FFB /* TimeGaugeCell.swift */; };
		CFA7954F22BA391F00C55FFB /* TimeGaugeCell.xib in Resources */ = {isa = PBXBuildFile; fileRef = CFA7954D22BA391F00C55FFB /* TimeGaugeCell.xib */; };
		CFA7955122BB232A00C55FFB /* Util.swift in Sources */ = {isa = PBXBuildFile; fileRef = CFA7955022BB232A00C55FFB /* Util.swift */; };
		CFCE583322C7AE4C00309892 /* CircleView.swift in Sources */ = {isa = PBXBuildFile; fileRef = CFCE582F22C7AE4C00309892 /* CircleView.swift */; };
		CFCE583422C7AE4C00309892 /* CircleMenuViewCell.swift in Sources */ = {isa = PBXBuildFile; fileRef = CFCE583022C7AE4C00309892 /* CircleMenuViewCell.swift */; };
		CFCE583522C7AE4C00309892 /* CircleViewCell.swift in Sources */ = {isa = PBXBuildFile; fileRef = CFCE583122C7AE4C00309892 /* CircleViewCell.swift */; };
		CFCE583622C7AE4C00309892 /* CircleMenuView.swift in Sources */ = {isa = PBXBuildFile; fileRef = CFCE583222C7AE4C00309892 /* CircleMenuView.swift */; };
		CFCE583722C855D200309892 /* PageViewInput.swift in Sources */ = {isa = PBXBuildFile; fileRef = 89493744CB33DEB237DF4B73 /* PageViewInput.swift */; };
		CFCE583822C855D200309892 /* PageViewOutput.swift in Sources */ = {isa = PBXBuildFile; fileRef = AAD31C2EFB70A45271B4B853 /* PageViewOutput.swift */; };
		CFCE583922C855D200309892 /* PageViewController.swift in Sources */ = {isa = PBXBuildFile; fileRef = 44D5B67EF9532BAEEA5E4B12 /* PageViewController.swift */; };
		CFCE583A22C855D700309892 /* PagePresenter.swift in Sources */ = {isa = PBXBuildFile; fileRef = 280863B213A3CE4DF7B800A0 /* PagePresenter.swift */; };
		CFCE583B22C855DC00309892 /* PageInteractorInput.swift in Sources */ = {isa = PBXBuildFile; fileRef = B255EDB5AA6878E92B1F1446 /* PageInteractorInput.swift */; };
		CFCE583C22C855DC00309892 /* PageInteractorOutput.swift in Sources */ = {isa = PBXBuildFile; fileRef = 2CADF6BC1C4F460E05DD1A4D /* PageInteractorOutput.swift */; };
		CFCE583D22C855DC00309892 /* PageInteractor.swift in Sources */ = {isa = PBXBuildFile; fileRef = 7D816BBF7526FBE50032A5D9 /* PageInteractor.swift */; };
		CFCE583E22C855E300309892 /* PageRouterInput.swift in Sources */ = {isa = PBXBuildFile; fileRef = ED36EAFB714D849CC5640B55 /* PageRouterInput.swift */; };
		CFCE583F22C855E300309892 /* PageRouter.swift in Sources */ = {isa = PBXBuildFile; fileRef = 27B77A1029C50BC3D491943A /* PageRouter.swift */; };
		CFCE584022C85B9400309892 /* StoreViewInput.swift in Sources */ = {isa = PBXBuildFile; fileRef = 7755161262F5FED249F24DF6 /* StoreViewInput.swift */; };
		CFCE584122C85B9400309892 /* StoreViewOutput.swift in Sources */ = {isa = PBXBuildFile; fileRef = 44E7000E8853AF9AE016DB0F /* StoreViewOutput.swift */; };
		CFCE584222C85B9400309892 /* StoreViewController.swift in Sources */ = {isa = PBXBuildFile; fileRef = 2142A8CC3620E6B034348857 /* StoreViewController.swift */; };
		CFCE584322C85B9B00309892 /* StorePresenter.swift in Sources */ = {isa = PBXBuildFile; fileRef = 89883237F82D64C35E04ADC4 /* StorePresenter.swift */; };
		CFCE584422C85BA200309892 /* StoreInteractorInput.swift in Sources */ = {isa = PBXBuildFile; fileRef = E4EC29D375B2FC34B525C70F /* StoreInteractorInput.swift */; };
		CFCE584522C85BA200309892 /* StoreInteractorOutput.swift in Sources */ = {isa = PBXBuildFile; fileRef = 8B16527B9C6CE52D409ABBA8 /* StoreInteractorOutput.swift */; };
		CFCE584622C85BA200309892 /* StoreInteractor.swift in Sources */ = {isa = PBXBuildFile; fileRef = ACEC834E4F3693CE7097674C /* StoreInteractor.swift */; };
		CFCE584722C85BA800309892 /* StoreRouterInput.swift in Sources */ = {isa = PBXBuildFile; fileRef = 0CC85EB551828069DC176C8A /* StoreRouterInput.swift */; };
		CFCE584822C85BA800309892 /* StoreRouter.swift in Sources */ = {isa = PBXBuildFile; fileRef = EC025F96BD5206F4D6A75745 /* StoreRouter.swift */; };
		CFCE584922C85BB100309892 /* CreateGaugeViewInput.swift in Sources */ = {isa = PBXBuildFile; fileRef = D9000EB0C3695A4F9A7E48BC /* CreateGaugeViewInput.swift */; };
		CFCE584A22C85BB100309892 /* CreateGaugeViewOutput.swift in Sources */ = {isa = PBXBuildFile; fileRef = A1A24E53C9B2CB96411FA3F1 /* CreateGaugeViewOutput.swift */; };
		CFCE584B22C85BB100309892 /* CreateGaugeViewController.swift in Sources */ = {isa = PBXBuildFile; fileRef = 8E6501D00F6220646F09B376 /* CreateGaugeViewController.swift */; };
		CFCE584C22C85BB500309892 /* CreateGaugePresenter.swift in Sources */ = {isa = PBXBuildFile; fileRef = 630CEF8448300AA1A01B0407 /* CreateGaugePresenter.swift */; };
		CFCE584D22C85BBB00309892 /* CreateGaugeInteractorInput.swift in Sources */ = {isa = PBXBuildFile; fileRef = A979DFEB79ABACE0E0347FD2 /* CreateGaugeInteractorInput.swift */; };
		CFCE584E22C85BBB00309892 /* CreateGaugeInteractorOutput.swift in Sources */ = {isa = PBXBuildFile; fileRef = B38866CBBF0C13CC0AACE88F /* CreateGaugeInteractorOutput.swift */; };
		CFCE584F22C85BBB00309892 /* CreateGaugeInteractor.swift in Sources */ = {isa = PBXBuildFile; fileRef = 9C53EFC09D75993B031B323B /* CreateGaugeInteractor.swift */; };
		CFCE585022C85BC000309892 /* CreateGaugeRouterInput.swift in Sources */ = {isa = PBXBuildFile; fileRef = C0873CD8F8315D2D41871271 /* CreateGaugeRouterInput.swift */; };
		CFCE585122C85BC000309892 /* CreateGaugeRouter.swift in Sources */ = {isa = PBXBuildFile; fileRef = 9A30DD28C97B9DAD75D7F48A /* CreateGaugeRouter.swift */; };
/* End PBXBuildFile section */

/* Begin PBXContainerItemProxy section */
		4930C25F22B7566C00DE2162 /* PBXContainerItemProxy */ = {
			isa = PBXContainerItemProxy;
			containerPortal = 4930C24222B7566300DE2162 /* Project object */;
			proxyType = 1;
			remoteGlobalIDString = 4930C24922B7566300DE2162;
			remoteInfo = LifeGauge;
		};
		4930C26A22B7566C00DE2162 /* PBXContainerItemProxy */ = {
			isa = PBXContainerItemProxy;
			containerPortal = 4930C24222B7566300DE2162 /* Project object */;
			proxyType = 1;
			remoteGlobalIDString = 4930C24922B7566300DE2162;
			remoteInfo = LifeGauge;
		};
/* End PBXContainerItemProxy section */

/* Begin PBXFileReference section */
		06045D68F025B95E9D70AE9D /* PageRouterTests.swift */ = {isa = PBXFileReference; includeInIndex = 1; lastKnownFileType = sourcecode.swift; name = PageRouterTests.swift; path = Page/Router/PageRouterTests.swift; sourceTree = "<group>"; };
		0CC85EB551828069DC176C8A /* StoreRouterInput.swift */ = {isa = PBXFileReference; includeInIndex = 1; lastKnownFileType = sourcecode.swift; name = StoreRouterInput.swift; path = Store/Router/StoreRouterInput.swift; sourceTree = "<group>"; };
		1958CDB82FB22E8B54DCD864 /* Pods_LifeGaugeUITests.framework */ = {isa = PBXFileReference; explicitFileType = wrapper.framework; includeInIndex = 0; path = Pods_LifeGaugeUITests.framework; sourceTree = BUILT_PRODUCTS_DIR; };
		19A6A13E8CC5C3C33FCB9584 /* Pods_LifeGauge.framework */ = {isa = PBXFileReference; explicitFileType = wrapper.framework; includeInIndex = 0; path = Pods_LifeGauge.framework; sourceTree = BUILT_PRODUCTS_DIR; };
		2142A8CC3620E6B034348857 /* StoreViewController.swift */ = {isa = PBXFileReference; includeInIndex = 1; lastKnownFileType = sourcecode.swift; name = StoreViewController.swift; path = Store/View/StoreViewController.swift; sourceTree = "<group>"; };
		215D6DBAAE4B92524B9FFD07 /* Pods-LifeGaugeTests.debug.xcconfig */ = {isa = PBXFileReference; includeInIndex = 1; lastKnownFileType = text.xcconfig; name = "Pods-LifeGaugeTests.debug.xcconfig"; path = "Target Support Files/Pods-LifeGaugeTests/Pods-LifeGaugeTests.debug.xcconfig"; sourceTree = "<group>"; };
		250279D2D1A2E4E1DE84FE76 /* PageViewTests.swift */ = {isa = PBXFileReference; includeInIndex = 1; lastKnownFileType = sourcecode.swift; name = PageViewTests.swift; path = Page/View/PageViewTests.swift; sourceTree = "<group>"; };
		27B77A1029C50BC3D491943A /* PageRouter.swift */ = {isa = PBXFileReference; includeInIndex = 1; lastKnownFileType = sourcecode.swift; name = PageRouter.swift; path = Page/Router/PageRouter.swift; sourceTree = "<group>"; };
		280863B213A3CE4DF7B800A0 /* PagePresenter.swift */ = {isa = PBXFileReference; includeInIndex = 1; lastKnownFileType = sourcecode.swift; name = PagePresenter.swift; path = Page/Presenter/PagePresenter.swift; sourceTree = "<group>"; };
		29B4590FADDEFB4AC6B1CB71 /* homeConfiguratorTests.swift */ = {isa = PBXFileReference; includeInIndex = 1; lastKnownFileType = sourcecode.swift; name = homeConfiguratorTests.swift; path = home/Configurator/homeConfiguratorTests.swift; sourceTree = "<group>"; };
		2CADF6BC1C4F460E05DD1A4D /* PageInteractorOutput.swift */ = {isa = PBXFileReference; includeInIndex = 1; lastKnownFileType = sourcecode.swift; name = PageInteractorOutput.swift; path = Page/Interactor/PageInteractorOutput.swift; sourceTree = "<group>"; };
		417AE76E5D3131AA7E9BD340 /* Pods-LifeGauge.debug.xcconfig */ = {isa = PBXFileReference; includeInIndex = 1; lastKnownFileType = text.xcconfig; name = "Pods-LifeGauge.debug.xcconfig"; path = "Target Support Files/Pods-LifeGauge/Pods-LifeGauge.debug.xcconfig"; sourceTree = "<group>"; };
		4414737413464D8B8B4474A1 /* homeRouterTests.swift */ = {isa = PBXFileReference; includeInIndex = 1; lastKnownFileType = sourcecode.swift; name = homeRouterTests.swift; path = home/Router/homeRouterTests.swift; sourceTree = "<group>"; };
		44D5B67EF9532BAEEA5E4B12 /* PageViewController.swift */ = {isa = PBXFileReference; includeInIndex = 1; lastKnownFileType = sourcecode.swift; name = PageViewController.swift; path = Page/View/PageViewController.swift; sourceTree = "<group>"; };
		44E7000E8853AF9AE016DB0F /* StoreViewOutput.swift */ = {isa = PBXFileReference; includeInIndex = 1; lastKnownFileType = sourcecode.swift; name = StoreViewOutput.swift; path = Store/View/StoreViewOutput.swift; sourceTree = "<group>"; };
		4900786222BF5B8500FC345D /* HomePresenter.swift */ = {isa = PBXFileReference; fileEncoding = 4; lastKnownFileType = sourcecode.swift; path = HomePresenter.swift; sourceTree = "<group>"; };
		4900786422BF5B8500FC345D /* HomeViewOutput.swift */ = {isa = PBXFileReference; fileEncoding = 4; lastKnownFileType = sourcecode.swift; path = HomeViewOutput.swift; sourceTree = "<group>"; };
		4900786522BF5B8500FC345D /* HomeViewController.swift */ = {isa = PBXFileReference; fileEncoding = 4; lastKnownFileType = sourcecode.swift; path = HomeViewController.swift; sourceTree = "<group>"; };
		4900786622BF5B8500FC345D /* HomeViewInput.swift */ = {isa = PBXFileReference; fileEncoding = 4; lastKnownFileType = sourcecode.swift; path = HomeViewInput.swift; sourceTree = "<group>"; };
		4900786822BF5B8500FC345D /* HomeInteractorOutput.swift */ = {isa = PBXFileReference; fileEncoding = 4; lastKnownFileType = sourcecode.swift; path = HomeInteractorOutput.swift; sourceTree = "<group>"; };
		4900786922BF5B8500FC345D /* HomeInteractorInput.swift */ = {isa = PBXFileReference; fileEncoding = 4; lastKnownFileType = sourcecode.swift; path = HomeInteractorInput.swift; sourceTree = "<group>"; };
		4900786A22BF5B8500FC345D /* HomeInteractor.swift */ = {isa = PBXFileReference; fileEncoding = 4; lastKnownFileType = sourcecode.swift; path = HomeInteractor.swift; sourceTree = "<group>"; };
		4900786C22BF5B8600FC345D /* HomeRouterInput.swift */ = {isa = PBXFileReference; fileEncoding = 4; lastKnownFileType = sourcecode.swift; path = HomeRouterInput.swift; sourceTree = "<group>"; };
		4900786D22BF5B8600FC345D /* HomeRouter.swift */ = {isa = PBXFileReference; fileEncoding = 4; lastKnownFileType = sourcecode.swift; path = HomeRouter.swift; sourceTree = "<group>"; };
		4930C24A22B7566300DE2162 /* LifeGauge.app */ = {isa = PBXFileReference; explicitFileType = wrapper.application; includeInIndex = 0; path = LifeGauge.app; sourceTree = BUILT_PRODUCTS_DIR; };
		4930C24D22B7566300DE2162 /* AppDelegate.swift */ = {isa = PBXFileReference; lastKnownFileType = sourcecode.swift; path = AppDelegate.swift; sourceTree = "<group>"; };
		4930C25222B7566300DE2162 /* Base */ = {isa = PBXFileReference; lastKnownFileType = file.storyboard; name = Base; path = Base.lproj/Main.storyboard; sourceTree = "<group>"; };
		4930C25422B7566B00DE2162 /* Assets.xcassets */ = {isa = PBXFileReference; lastKnownFileType = folder.assetcatalog; path = Assets.xcassets; sourceTree = "<group>"; };
		4930C25722B7566B00DE2162 /* Base */ = {isa = PBXFileReference; lastKnownFileType = file.storyboard; name = Base; path = Base.lproj/LaunchScreen.storyboard; sourceTree = "<group>"; };
		4930C25922B7566B00DE2162 /* Info.plist */ = {isa = PBXFileReference; lastKnownFileType = text.plist.xml; path = Info.plist; sourceTree = "<group>"; };
		4930C25E22B7566C00DE2162 /* LifeGaugeTests.xctest */ = {isa = PBXFileReference; explicitFileType = wrapper.cfbundle; includeInIndex = 0; path = LifeGaugeTests.xctest; sourceTree = BUILT_PRODUCTS_DIR; };
		4930C26222B7566C00DE2162 /* LifeGaugeTests.swift */ = {isa = PBXFileReference; lastKnownFileType = sourcecode.swift; path = LifeGaugeTests.swift; sourceTree = "<group>"; };
		4930C26422B7566C00DE2162 /* Info.plist */ = {isa = PBXFileReference; lastKnownFileType = text.plist.xml; path = Info.plist; sourceTree = "<group>"; };
		4930C26922B7566C00DE2162 /* LifeGaugeUITests.xctest */ = {isa = PBXFileReference; explicitFileType = wrapper.cfbundle; includeInIndex = 0; path = LifeGaugeUITests.xctest; sourceTree = BUILT_PRODUCTS_DIR; };
		4930C26D22B7566C00DE2162 /* LifeGaugeUITests.swift */ = {isa = PBXFileReference; lastKnownFileType = sourcecode.swift; path = LifeGaugeUITests.swift; sourceTree = "<group>"; };
		4930C26F22B7566C00DE2162 /* Info.plist */ = {isa = PBXFileReference; lastKnownFileType = text.plist.xml; path = Info.plist; sourceTree = "<group>"; };
		4930C27E22B7649600DE2162 /* loginPresenterTests.swift */ = {isa = PBXFileReference; fileEncoding = 4; lastKnownFileType = sourcecode.swift; path = loginPresenterTests.swift; sourceTree = "<group>"; };
		4930C28022B7649600DE2162 /* loginViewTests.swift */ = {isa = PBXFileReference; fileEncoding = 4; lastKnownFileType = sourcecode.swift; path = loginViewTests.swift; sourceTree = "<group>"; };
		4930C28222B7649600DE2162 /* loginConfiguratorTests.swift */ = {isa = PBXFileReference; fileEncoding = 4; lastKnownFileType = sourcecode.swift; path = loginConfiguratorTests.swift; sourceTree = "<group>"; };
		4930C28422B7649600DE2162 /* loginInteractorTests.swift */ = {isa = PBXFileReference; fileEncoding = 4; lastKnownFileType = sourcecode.swift; path = loginInteractorTests.swift; sourceTree = "<group>"; };
		4930C28622B7649600DE2162 /* loginRouterTests.swift */ = {isa = PBXFileReference; fileEncoding = 4; lastKnownFileType = sourcecode.swift; path = loginRouterTests.swift; sourceTree = "<group>"; };
		49DA776522BBEDBC00E32A9D /* R.generated.swift */ = {isa = PBXFileReference; fileEncoding = 4; lastKnownFileType = sourcecode.swift; path = R.generated.swift; sourceTree = "<group>"; };
		49EFED4222C738BD00652D75 /* GoogleService-Info.plist */ = {isa = PBXFileReference; fileEncoding = 4; lastKnownFileType = text.plist.xml; path = "GoogleService-Info.plist"; sourceTree = SOURCE_ROOT; };
		5FB32A73ACCF49C7680D2691 /* homeInteractorTests.swift */ = {isa = PBXFileReference; includeInIndex = 1; lastKnownFileType = sourcecode.swift; name = homeInteractorTests.swift; path = home/Interactor/homeInteractorTests.swift; sourceTree = "<group>"; };
		630CEF8448300AA1A01B0407 /* CreateGaugePresenter.swift */ = {isa = PBXFileReference; includeInIndex = 1; lastKnownFileType = sourcecode.swift; name = CreateGaugePresenter.swift; path = CreateGauge/Presenter/CreateGaugePresenter.swift; sourceTree = "<group>"; };
		6459FDED1FBDA38DE10F8BD5 /* StoreRouterTests.swift */ = {isa = PBXFileReference; includeInIndex = 1; lastKnownFileType = sourcecode.swift; name = StoreRouterTests.swift; path = Store/Router/StoreRouterTests.swift; sourceTree = "<group>"; };
		6FC43B3C344030D50CBEF07E /* CreateGaugeRouterTests.swift */ = {isa = PBXFileReference; includeInIndex = 1; lastKnownFileType = sourcecode.swift; name = CreateGaugeRouterTests.swift; path = CreateGauge/Router/CreateGaugeRouterTests.swift; sourceTree = "<group>"; };
		72FC52114F7AD8F5C6ACB753 /* Pods-LifeGaugeTests.release.xcconfig */ = {isa = PBXFileReference; includeInIndex = 1; lastKnownFileType = text.xcconfig; name = "Pods-LifeGaugeTests.release.xcconfig"; path = "Target Support Files/Pods-LifeGaugeTests/Pods-LifeGaugeTests.release.xcconfig"; sourceTree = "<group>"; };
		7755161262F5FED249F24DF6 /* StoreViewInput.swift */ = {isa = PBXFileReference; includeInIndex = 1; lastKnownFileType = sourcecode.swift; name = StoreViewInput.swift; path = Store/View/StoreViewInput.swift; sourceTree = "<group>"; };
		7D816BBF7526FBE50032A5D9 /* PageInteractor.swift */ = {isa = PBXFileReference; includeInIndex = 1; lastKnownFileType = sourcecode.swift; name = PageInteractor.swift; path = Page/Interactor/PageInteractor.swift; sourceTree = "<group>"; };
		837C8F35677525B7791202B2 /* Pods-LifeGaugeUITests.release.xcconfig */ = {isa = PBXFileReference; includeInIndex = 1; lastKnownFileType = text.xcconfig; name = "Pods-LifeGaugeUITests.release.xcconfig"; path = "Target Support Files/Pods-LifeGaugeUITests/Pods-LifeGaugeUITests.release.xcconfig"; sourceTree = "<group>"; };
		89493744CB33DEB237DF4B73 /* PageViewInput.swift */ = {isa = PBXFileReference; includeInIndex = 1; lastKnownFileType = sourcecode.swift; name = PageViewInput.swift; path = Page/View/PageViewInput.swift; sourceTree = "<group>"; };
		89883237F82D64C35E04ADC4 /* StorePresenter.swift */ = {isa = PBXFileReference; includeInIndex = 1; lastKnownFileType = sourcecode.swift; name = StorePresenter.swift; path = Store/Presenter/StorePresenter.swift; sourceTree = "<group>"; };
		8B16527B9C6CE52D409ABBA8 /* StoreInteractorOutput.swift */ = {isa = PBXFileReference; includeInIndex = 1; lastKnownFileType = sourcecode.swift; name = StoreInteractorOutput.swift; path = Store/Interactor/StoreInteractorOutput.swift; sourceTree = "<group>"; };
		8E6501D00F6220646F09B376 /* CreateGaugeViewController.swift */ = {isa = PBXFileReference; includeInIndex = 1; lastKnownFileType = sourcecode.swift; name = CreateGaugeViewController.swift; path = CreateGauge/View/CreateGaugeViewController.swift; sourceTree = "<group>"; };
		96CA5EE660944B40E92CBF85 /* CreateGaugeViewTests.swift */ = {isa = PBXFileReference; includeInIndex = 1; lastKnownFileType = sourcecode.swift; name = CreateGaugeViewTests.swift; path = CreateGauge/View/CreateGaugeViewTests.swift; sourceTree = "<group>"; };
		9A30DD28C97B9DAD75D7F48A /* CreateGaugeRouter.swift */ = {isa = PBXFileReference; includeInIndex = 1; lastKnownFileType = sourcecode.swift; name = CreateGaugeRouter.swift; path = CreateGauge/Router/CreateGaugeRouter.swift; sourceTree = "<group>"; };
		9C53EFC09D75993B031B323B /* CreateGaugeInteractor.swift */ = {isa = PBXFileReference; includeInIndex = 1; lastKnownFileType = sourcecode.swift; name = CreateGaugeInteractor.swift; path = CreateGauge/Interactor/CreateGaugeInteractor.swift; sourceTree = "<group>"; };
		A1A24E53C9B2CB96411FA3F1 /* CreateGaugeViewOutput.swift */ = {isa = PBXFileReference; includeInIndex = 1; lastKnownFileType = sourcecode.swift; name = CreateGaugeViewOutput.swift; path = CreateGauge/View/CreateGaugeViewOutput.swift; sourceTree = "<group>"; };
		A3CDDE6DC8374C8DA4959F94 /* PagePresenterTests.swift */ = {isa = PBXFileReference; includeInIndex = 1; lastKnownFileType = sourcecode.swift; name = PagePresenterTests.swift; path = Page/Presenter/PagePresenterTests.swift; sourceTree = "<group>"; };
		A979DFEB79ABACE0E0347FD2 /* CreateGaugeInteractorInput.swift */ = {isa = PBXFileReference; includeInIndex = 1; lastKnownFileType = sourcecode.swift; name = CreateGaugeInteractorInput.swift; path = CreateGauge/Interactor/CreateGaugeInteractorInput.swift; sourceTree = "<group>"; };
		AAD31C2EFB70A45271B4B853 /* PageViewOutput.swift */ = {isa = PBXFileReference; includeInIndex = 1; lastKnownFileType = sourcecode.swift; name = PageViewOutput.swift; path = Page/View/PageViewOutput.swift; sourceTree = "<group>"; };
		ACEC834E4F3693CE7097674C /* StoreInteractor.swift */ = {isa = PBXFileReference; includeInIndex = 1; lastKnownFileType = sourcecode.swift; name = StoreInteractor.swift; path = Store/Interactor/StoreInteractor.swift; sourceTree = "<group>"; };
		B255EDB5AA6878E92B1F1446 /* PageInteractorInput.swift */ = {isa = PBXFileReference; includeInIndex = 1; lastKnownFileType = sourcecode.swift; name = PageInteractorInput.swift; path = Page/Interactor/PageInteractorInput.swift; sourceTree = "<group>"; };
		B38866CBBF0C13CC0AACE88F /* CreateGaugeInteractorOutput.swift */ = {isa = PBXFileReference; includeInIndex = 1; lastKnownFileType = sourcecode.swift; name = CreateGaugeInteractorOutput.swift; path = CreateGauge/Interactor/CreateGaugeInteractorOutput.swift; sourceTree = "<group>"; };
		B4E3BD34BB1B49BED60B032E /* homePresenterTests.swift */ = {isa = PBXFileReference; includeInIndex = 1; lastKnownFileType = sourcecode.swift; name = homePresenterTests.swift; path = home/Presenter/homePresenterTests.swift; sourceTree = "<group>"; };
		C0873CD8F8315D2D41871271 /* CreateGaugeRouterInput.swift */ = {isa = PBXFileReference; includeInIndex = 1; lastKnownFileType = sourcecode.swift; name = CreateGaugeRouterInput.swift; path = CreateGauge/Router/CreateGaugeRouterInput.swift; sourceTree = "<group>"; };
		C3AF4093B834628078E712BB /* StorePresenterTests.swift */ = {isa = PBXFileReference; includeInIndex = 1; lastKnownFileType = sourcecode.swift; name = StorePresenterTests.swift; path = Store/Presenter/StorePresenterTests.swift; sourceTree = "<group>"; };
		C6AC78C4F462F3DCCB367A58 /* homeViewTests.swift */ = {isa = PBXFileReference; includeInIndex = 1; lastKnownFileType = sourcecode.swift; name = homeViewTests.swift; path = home/View/homeViewTests.swift; sourceTree = "<group>"; };
		CE663B0540E4C469446AE3B1 /* Pods-LifeGauge.release.xcconfig */ = {isa = PBXFileReference; includeInIndex = 1; lastKnownFileType = text.xcconfig; name = "Pods-LifeGauge.release.xcconfig"; path = "Target Support Files/Pods-LifeGauge/Pods-LifeGauge.release.xcconfig"; sourceTree = "<group>"; };
		CE8A933A42B9EEA86868CDED /* CreateGaugePresenterTests.swift */ = {isa = PBXFileReference; includeInIndex = 1; lastKnownFileType = sourcecode.swift; name = CreateGaugePresenterTests.swift; path = CreateGauge/Presenter/CreateGaugePresenterTests.swift; sourceTree = "<group>"; };
		CF7CB28522B8B1110075A83C /* TimeGauge.swift */ = {isa = PBXFileReference; lastKnownFileType = sourcecode.swift; path = TimeGauge.swift; sourceTree = "<group>"; };
		CF7CB28722B9F5970075A83C /* RootRouter.swift */ = {isa = PBXFileReference; lastKnownFileType = sourcecode.swift; path = RootRouter.swift; sourceTree = "<group>"; };
		CFA7954C22BA391F00C55FFB /* TimeGaugeCell.swift */ = {isa = PBXFileReference; lastKnownFileType = sourcecode.swift; path = TimeGaugeCell.swift; sourceTree = "<group>"; };
		CFA7954D22BA391F00C55FFB /* TimeGaugeCell.xib */ = {isa = PBXFileReference; lastKnownFileType = file.xib; path = TimeGaugeCell.xib; sourceTree = "<group>"; };
		CFA7955022BB232A00C55FFB /* Util.swift */ = {isa = PBXFileReference; lastKnownFileType = sourcecode.swift; path = Util.swift; sourceTree = "<group>"; };
		CFCE582F22C7AE4C00309892 /* CircleView.swift */ = {isa = PBXFileReference; fileEncoding = 4; lastKnownFileType = sourcecode.swift; path = CircleView.swift; sourceTree = "<group>"; };
		CFCE583022C7AE4C00309892 /* CircleMenuViewCell.swift */ = {isa = PBXFileReference; fileEncoding = 4; lastKnownFileType = sourcecode.swift; path = CircleMenuViewCell.swift; sourceTree = "<group>"; };
		CFCE583122C7AE4C00309892 /* CircleViewCell.swift */ = {isa = PBXFileReference; fileEncoding = 4; lastKnownFileType = sourcecode.swift; path = CircleViewCell.swift; sourceTree = "<group>"; };
		CFCE583222C7AE4C00309892 /* CircleMenuView.swift */ = {isa = PBXFileReference; fileEncoding = 4; lastKnownFileType = sourcecode.swift; path = CircleMenuView.swift; sourceTree = "<group>"; };
		D1DD72887C32F77213079DF0 /* PageInteractorTests.swift */ = {isa = PBXFileReference; includeInIndex = 1; lastKnownFileType = sourcecode.swift; name = PageInteractorTests.swift; path = Page/Interactor/PageInteractorTests.swift; sourceTree = "<group>"; };
		D865F5BBEC1C78615141C6CA /* Pods-LifeGaugeUITests.debug.xcconfig */ = {isa = PBXFileReference; includeInIndex = 1; lastKnownFileType = text.xcconfig; name = "Pods-LifeGaugeUITests.debug.xcconfig"; path = "Target Support Files/Pods-LifeGaugeUITests/Pods-LifeGaugeUITests.debug.xcconfig"; sourceTree = "<group>"; };
		D9000EB0C3695A4F9A7E48BC /* CreateGaugeViewInput.swift */ = {isa = PBXFileReference; includeInIndex = 1; lastKnownFileType = sourcecode.swift; name = CreateGaugeViewInput.swift; path = CreateGauge/View/CreateGaugeViewInput.swift; sourceTree = "<group>"; };
		DA4309DE900C503D87DA6A25 /* Pods_LifeGaugeTests.framework */ = {isa = PBXFileReference; explicitFileType = wrapper.framework; includeInIndex = 0; path = Pods_LifeGaugeTests.framework; sourceTree = BUILT_PRODUCTS_DIR; };
		E4EC29D375B2FC34B525C70F /* StoreInteractorInput.swift */ = {isa = PBXFileReference; includeInIndex = 1; lastKnownFileType = sourcecode.swift; name = StoreInteractorInput.swift; path = Store/Interactor/StoreInteractorInput.swift; sourceTree = "<group>"; };
		EA02BE8F822C41FCDDC61739 /* CreateGaugeInteractorTests.swift */ = {isa = PBXFileReference; includeInIndex = 1; lastKnownFileType = sourcecode.swift; name = CreateGaugeInteractorTests.swift; path = CreateGauge/Interactor/CreateGaugeInteractorTests.swift; sourceTree = "<group>"; };
		EC025F96BD5206F4D6A75745 /* StoreRouter.swift */ = {isa = PBXFileReference; includeInIndex = 1; lastKnownFileType = sourcecode.swift; name = StoreRouter.swift; path = Store/Router/StoreRouter.swift; sourceTree = "<group>"; };
		ED36EAFB714D849CC5640B55 /* PageRouterInput.swift */ = {isa = PBXFileReference; includeInIndex = 1; lastKnownFileType = sourcecode.swift; name = PageRouterInput.swift; path = Page/Router/PageRouterInput.swift; sourceTree = "<group>"; };
		F67C19DD9582BFFFF5F89517 /* StoreViewTests.swift */ = {isa = PBXFileReference; includeInIndex = 1; lastKnownFileType = sourcecode.swift; name = StoreViewTests.swift; path = Store/View/StoreViewTests.swift; sourceTree = "<group>"; };
		FA61D7C696615B0A69BC2FC2 /* StoreInteractorTests.swift */ = {isa = PBXFileReference; includeInIndex = 1; lastKnownFileType = sourcecode.swift; name = StoreInteractorTests.swift; path = Store/Interactor/StoreInteractorTests.swift; sourceTree = "<group>"; };
/* End PBXFileReference section */

/* Begin PBXFrameworksBuildPhase section */
		4930C24722B7566300DE2162 /* Frameworks */ = {
			isa = PBXFrameworksBuildPhase;
			buildActionMask = 2147483647;
			files = (
				1535C8D0922DE87F24809E16 /* Pods_LifeGauge.framework in Frameworks */,
			);
			runOnlyForDeploymentPostprocessing = 0;
		};
		4930C25B22B7566C00DE2162 /* Frameworks */ = {
			isa = PBXFrameworksBuildPhase;
			buildActionMask = 2147483647;
			files = (
				6706184109770734DB36748B /* Pods_LifeGaugeTests.framework in Frameworks */,
			);
			runOnlyForDeploymentPostprocessing = 0;
		};
		4930C26622B7566C00DE2162 /* Frameworks */ = {
			isa = PBXFrameworksBuildPhase;
			buildActionMask = 2147483647;
			files = (
				A488D6E519A5D29F078B050F /* Pods_LifeGaugeUITests.framework in Frameworks */,
			);
			runOnlyForDeploymentPostprocessing = 0;
		};
/* End PBXFrameworksBuildPhase section */

/* Begin PBXGroup section */
		0007D3FC67A77670B968205A /* Router */ = {
			isa = PBXGroup;
			children = (
				6FC43B3C344030D50CBEF07E /* CreateGaugeRouterTests.swift */,
			);
			name = Router;
			sourceTree = "<group>";
		};
		0632EB4B6A25EEDC6DC6803A /* Interactor */ = {
			isa = PBXGroup;
			children = (
				D1DD72887C32F77213079DF0 /* PageInteractorTests.swift */,
			);
			name = Interactor;
			sourceTree = "<group>";
		};
		1905B73A2D026EBC1D2AF4E8 /* Pods */ = {
			isa = PBXGroup;
			children = (
				417AE76E5D3131AA7E9BD340 /* Pods-LifeGauge.debug.xcconfig */,
				CE663B0540E4C469446AE3B1 /* Pods-LifeGauge.release.xcconfig */,
				215D6DBAAE4B92524B9FFD07 /* Pods-LifeGaugeTests.debug.xcconfig */,
				72FC52114F7AD8F5C6ACB753 /* Pods-LifeGaugeTests.release.xcconfig */,
				D865F5BBEC1C78615141C6CA /* Pods-LifeGaugeUITests.debug.xcconfig */,
				837C8F35677525B7791202B2 /* Pods-LifeGaugeUITests.release.xcconfig */,
			);
			path = Pods;
			sourceTree = "<group>";
		};
		1CF11FD4E0B52D3AC4E05032 /* Router */ = {
			isa = PBXGroup;
			children = (
				ED36EAFB714D849CC5640B55 /* PageRouterInput.swift */,
				27B77A1029C50BC3D491943A /* PageRouter.swift */,
			);
			name = Router;
			sourceTree = "<group>";
		};
		2180BB7FAF6BA00A6AC6B596 /* Presenter */ = {
			isa = PBXGroup;
			children = (
				C3AF4093B834628078E712BB /* StorePresenterTests.swift */,
			);
			name = Presenter;
			sourceTree = "<group>";
		};
		2235F766D09DF073ADF665CC /* Presenter */ = {
			isa = PBXGroup;
			children = (
				B4E3BD34BB1B49BED60B032E /* homePresenterTests.swift */,
			);
			name = Presenter;
			sourceTree = "<group>";
		};
		2B2F427F04474FFB3AEA667A /* View */ = {
			isa = PBXGroup;
			children = (
				96CA5EE660944B40E92CBF85 /* CreateGaugeViewTests.swift */,
			);
			name = View;
			sourceTree = "<group>";
		};
		2E3533AF0403F1E0E81BB4E1 /* CreateGauge */ = {
			isa = PBXGroup;
			children = (
				2B2F427F04474FFB3AEA667A /* View */,
				897A944512B38B9D98898F10 /* Interactor */,
				E45576CEDAF82B37FF536423 /* Presenter */,
				0007D3FC67A77670B968205A /* Router */,
			);
			name = CreateGauge;
			sourceTree = "<group>";
		};
		4900784622BF59B100FC345D /* Recovered References */ = {
			isa = PBXGroup;
			children = (
				4930C28022B7649600DE2162 /* loginViewTests.swift */,
				4930C28422B7649600DE2162 /* loginInteractorTests.swift */,
				4930C27E22B7649600DE2162 /* loginPresenterTests.swift */,
				4930C28222B7649600DE2162 /* loginConfiguratorTests.swift */,
				4930C28622B7649600DE2162 /* loginRouterTests.swift */,
			);
			name = "Recovered References";
			sourceTree = "<group>";
		};
		4900786022BF5B8500FC345D /* Home */ = {
			isa = PBXGroup;
			children = (
				4900786122BF5B8500FC345D /* Presenter */,
				4900786322BF5B8500FC345D /* View */,
				4900786722BF5B8500FC345D /* Interactor */,
				4900786B22BF5B8500FC345D /* Router */,
			);
			path = Home;
			sourceTree = "<group>";
		};
		4900786122BF5B8500FC345D /* Presenter */ = {
			isa = PBXGroup;
			children = (
				4900786222BF5B8500FC345D /* HomePresenter.swift */,
			);
			path = Presenter;
			sourceTree = "<group>";
		};
		4900786322BF5B8500FC345D /* View */ = {
			isa = PBXGroup;
			children = (
				4900786422BF5B8500FC345D /* HomeViewOutput.swift */,
				4900786522BF5B8500FC345D /* HomeViewController.swift */,
				4900786622BF5B8500FC345D /* HomeViewInput.swift */,
			);
			path = View;
			sourceTree = "<group>";
		};
		4900786722BF5B8500FC345D /* Interactor */ = {
			isa = PBXGroup;
			children = (
				4900786822BF5B8500FC345D /* HomeInteractorOutput.swift */,
				4900786922BF5B8500FC345D /* HomeInteractorInput.swift */,
				4900786A22BF5B8500FC345D /* HomeInteractor.swift */,
			);
			path = Interactor;
			sourceTree = "<group>";
		};
		4900786B22BF5B8500FC345D /* Router */ = {
			isa = PBXGroup;
			children = (
				4900786C22BF5B8600FC345D /* HomeRouterInput.swift */,
				4900786D22BF5B8600FC345D /* HomeRouter.swift */,
			);
			path = Router;
			sourceTree = "<group>";
		};
		4930C24122B7566300DE2162 = {
			isa = PBXGroup;
			children = (
				49DA776522BBEDBC00E32A9D /* R.generated.swift */,
				4930C24C22B7566300DE2162 /* LifeGauge */,
				4930C26122B7566C00DE2162 /* LifeGaugeTests */,
				4930C26C22B7566C00DE2162 /* LifeGaugeUITests */,
				4930C24B22B7566300DE2162 /* Products */,
				1905B73A2D026EBC1D2AF4E8 /* Pods */,
				6800861B3D5A171A7CC95A17 /* Frameworks */,
				4900784622BF59B100FC345D /* Recovered References */,
			);
			sourceTree = "<group>";
		};
		4930C24B22B7566300DE2162 /* Products */ = {
			isa = PBXGroup;
			children = (
				4930C24A22B7566300DE2162 /* LifeGauge.app */,
				4930C25E22B7566C00DE2162 /* LifeGaugeTests.xctest */,
				4930C26922B7566C00DE2162 /* LifeGaugeUITests.xctest */,
			);
			name = Products;
			sourceTree = "<group>";
		};
		4930C24C22B7566300DE2162 /* LifeGauge */ = {
			isa = PBXGroup;
			children = (
				4930C24D22B7566300DE2162 /* AppDelegate.swift */,
				4930C25122B7566300DE2162 /* Main.storyboard */,
				4930C25422B7566B00DE2162 /* Assets.xcassets */,
				4930C25622B7566B00DE2162 /* LaunchScreen.storyboard */,
				4930C25922B7566B00DE2162 /* Info.plist */,
				49EFED4222C738BD00652D75 /* GoogleService-Info.plist */,
				CFA7955222BDDCE500C55FFB /* Common */,
				CF7CB28422B8B0D70075A83C /* Entities */,
				4930C28722B7649600DE2162 /* Modules */,
				4930C27B22B7649600DE2162 /* Tests */,
				CFA7955022BB232A00C55FFB /* Util.swift */,
			);
			path = LifeGauge;
			sourceTree = "<group>";
		};
		4930C26122B7566C00DE2162 /* LifeGaugeTests */ = {
			isa = PBXGroup;
			children = (
				4930C26222B7566C00DE2162 /* LifeGaugeTests.swift */,
				4930C26422B7566C00DE2162 /* Info.plist */,
			);
			path = LifeGaugeTests;
			sourceTree = "<group>";
		};
		4930C26C22B7566C00DE2162 /* LifeGaugeUITests */ = {
			isa = PBXGroup;
			children = (
				4930C26D22B7566C00DE2162 /* LifeGaugeUITests.swift */,
				4930C26F22B7566C00DE2162 /* Info.plist */,
			);
			path = LifeGaugeUITests;
			sourceTree = "<group>";
		};
		4930C27B22B7649600DE2162 /* Tests */ = {
			isa = PBXGroup;
			children = (
				5E193684048C9B5820E7F141 /* home */,
				8642E40F883FC8C18990E3C6 /* Page */,
				B59658B7B769711090243986 /* Store */,
				2E3533AF0403F1E0E81BB4E1 /* CreateGauge */,
			);
			path = Tests;
			sourceTree = "<group>";
		};
		4930C28722B7649600DE2162 /* Modules */ = {
			isa = PBXGroup;
			children = (
				CF7CB28722B9F5970075A83C /* RootRouter.swift */,
				4900786022BF5B8500FC345D /* Home */,
				D2FEF0C706985D66D408481B /* Page */,
				8A8A7E4C6B3A06BF22015C6F /* Store */,
				E65A1E9A89CCB417125D8AD5 /* CreateGauge */,
			);
			path = Modules;
			sourceTree = "<group>";
		};
		534673140D40EE97A9DBDF99 /* View */ = {
			isa = PBXGroup;
			children = (
				D9000EB0C3695A4F9A7E48BC /* CreateGaugeViewInput.swift */,
				A1A24E53C9B2CB96411FA3F1 /* CreateGaugeViewOutput.swift */,
				8E6501D00F6220646F09B376 /* CreateGaugeViewController.swift */,
			);
			name = View;
			sourceTree = "<group>";
		};
		5E193684048C9B5820E7F141 /* home */ = {
			isa = PBXGroup;
			children = (
				7357BF0532C3BEA60FECE77F /* Configurator */,
				D35C5C0C0116F2409822826F /* View */,
				CF2142C102B04E0D6F2AEB27 /* Interactor */,
				2235F766D09DF073ADF665CC /* Presenter */,
				DAD3A426810C98A06CF15B05 /* Router */,
			);
			name = home;
			sourceTree = "<group>";
		};
		6800861B3D5A171A7CC95A17 /* Frameworks */ = {
			isa = PBXGroup;
			children = (
				19A6A13E8CC5C3C33FCB9584 /* Pods_LifeGauge.framework */,
				DA4309DE900C503D87DA6A25 /* Pods_LifeGaugeTests.framework */,
				1958CDB82FB22E8B54DCD864 /* Pods_LifeGaugeUITests.framework */,
			);
			name = Frameworks;
			sourceTree = "<group>";
		};
		6D3FEF71FB93D463FA00E327 /* Router */ = {
			isa = PBXGroup;
			children = (
				0CC85EB551828069DC176C8A /* StoreRouterInput.swift */,
				EC025F96BD5206F4D6A75745 /* StoreRouter.swift */,
			);
			name = Router;
			sourceTree = "<group>";
		};
		7357BF0532C3BEA60FECE77F /* Configurator */ = {
			isa = PBXGroup;
			children = (
				29B4590FADDEFB4AC6B1CB71 /* homeConfiguratorTests.swift */,
			);
			name = Configurator;
			sourceTree = "<group>";
		};
		7870E4E868F2BBAFB484B13A /* View */ = {
			isa = PBXGroup;
			children = (
				89493744CB33DEB237DF4B73 /* PageViewInput.swift */,
				AAD31C2EFB70A45271B4B853 /* PageViewOutput.swift */,
				44D5B67EF9532BAEEA5E4B12 /* PageViewController.swift */,
			);
			name = View;
			sourceTree = "<group>";
		};
		8296FE80DD8C2B644DB14569 /* Presenter */ = {
			isa = PBXGroup;
			children = (
				A3CDDE6DC8374C8DA4959F94 /* PagePresenterTests.swift */,
			);
			name = Presenter;
			sourceTree = "<group>";
		};
		82F6D800674E81589E730B6E /* View */ = {
			isa = PBXGroup;
			children = (
				F67C19DD9582BFFFF5F89517 /* StoreViewTests.swift */,
			);
			name = View;
			sourceTree = "<group>";
		};
		8642E40F883FC8C18990E3C6 /* Page */ = {
			isa = PBXGroup;
			children = (
				DD1C1734A1AB8EEA836EE59F /* View */,
				0632EB4B6A25EEDC6DC6803A /* Interactor */,
				8296FE80DD8C2B644DB14569 /* Presenter */,
				ED763853655222FEA30B54A1 /* Router */,
			);
			name = Page;
			sourceTree = "<group>";
		};
		897A944512B38B9D98898F10 /* Interactor */ = {
			isa = PBXGroup;
			children = (
				EA02BE8F822C41FCDDC61739 /* CreateGaugeInteractorTests.swift */,
			);
			name = Interactor;
			sourceTree = "<group>";
		};
		8A8A7E4C6B3A06BF22015C6F /* Store */ = {
			isa = PBXGroup;
			children = (
				8F0FECF957BB43E75FB6D7B3 /* View */,
				9D93495F7560667DBC77596C /* Presenter */,
				F4F1B5C8D18752B77B2EFEE2 /* Interactor */,
				6D3FEF71FB93D463FA00E327 /* Router */,
			);
			name = Store;
			sourceTree = "<group>";
		};
		8F0FECF957BB43E75FB6D7B3 /* View */ = {
			isa = PBXGroup;
			children = (
				7755161262F5FED249F24DF6 /* StoreViewInput.swift */,
				44E7000E8853AF9AE016DB0F /* StoreViewOutput.swift */,
				2142A8CC3620E6B034348857 /* StoreViewController.swift */,
			);
			name = View;
			sourceTree = "<group>";
		};
		90D936E239E4B3ED196ED9C1 /* Presenter */ = {
			isa = PBXGroup;
			children = (
				630CEF8448300AA1A01B0407 /* CreateGaugePresenter.swift */,
			);
			name = Presenter;
			sourceTree = "<group>";
		};
		94D4CDB6C6635839E8822180 /* Interactor */ = {
			isa = PBXGroup;
			children = (
				FA61D7C696615B0A69BC2FC2 /* StoreInteractorTests.swift */,
			);
			name = Interactor;
			sourceTree = "<group>";
		};
		9D107A1D9941B6D804735352 /* Presenter */ = {
			isa = PBXGroup;
			children = (
				280863B213A3CE4DF7B800A0 /* PagePresenter.swift */,
			);
			name = Presenter;
			sourceTree = "<group>";
		};
		9D93495F7560667DBC77596C /* Presenter */ = {
			isa = PBXGroup;
			children = (
				89883237F82D64C35E04ADC4 /* StorePresenter.swift */,
			);
			name = Presenter;
			sourceTree = "<group>";
		};
		AE52758798F35BB9E6224532 /* Router */ = {
			isa = PBXGroup;
			children = (
				C0873CD8F8315D2D41871271 /* CreateGaugeRouterInput.swift */,
				9A30DD28C97B9DAD75D7F48A /* CreateGaugeRouter.swift */,
			);
			name = Router;
			sourceTree = "<group>";
		};
		B59658B7B769711090243986 /* Store */ = {
			isa = PBXGroup;
			children = (
				82F6D800674E81589E730B6E /* View */,
				94D4CDB6C6635839E8822180 /* Interactor */,
				2180BB7FAF6BA00A6AC6B596 /* Presenter */,
				D2FA66639AF438310265C4C8 /* Router */,
			);
			name = Store;
			sourceTree = "<group>";
		};
		CF2142C102B04E0D6F2AEB27 /* Interactor */ = {
			isa = PBXGroup;
			children = (
				5FB32A73ACCF49C7680D2691 /* homeInteractorTests.swift */,
			);
			name = Interactor;
			sourceTree = "<group>";
		};
		CF7CB28422B8B0D70075A83C /* Entities */ = {
			isa = PBXGroup;
			children = (
				CF7CB28522B8B1110075A83C /* TimeGauge.swift */,
			);
			path = Entities;
			sourceTree = "<group>";
		};
		CFA7955222BDDCE500C55FFB /* Common */ = {
			isa = PBXGroup;
			children = (
				CFA7955322BDDCF500C55FFB /* View */,
			);
			path = Common;
			sourceTree = "<group>";
		};
		CFA7955322BDDCF500C55FFB /* View */ = {
			isa = PBXGroup;
			children = (
				CFCE583222C7AE4C00309892 /* CircleMenuView.swift */,
				CFCE583022C7AE4C00309892 /* CircleMenuViewCell.swift */,
				CFCE582F22C7AE4C00309892 /* CircleView.swift */,
				CFCE583122C7AE4C00309892 /* CircleViewCell.swift */,
				CFA7954C22BA391F00C55FFB /* TimeGaugeCell.swift */,
				CFA7954D22BA391F00C55FFB /* TimeGaugeCell.xib */,
			);
			path = View;
			sourceTree = "<group>";
		};
		D2FA66639AF438310265C4C8 /* Router */ = {
			isa = PBXGroup;
			children = (
				6459FDED1FBDA38DE10F8BD5 /* StoreRouterTests.swift */,
			);
			name = Router;
			sourceTree = "<group>";
		};
		D2FEF0C706985D66D408481B /* Page */ = {
			isa = PBXGroup;
			children = (
				7870E4E868F2BBAFB484B13A /* View */,
				9D107A1D9941B6D804735352 /* Presenter */,
				FCD454C9DAF7FA88BF22943E /* Interactor */,
				1CF11FD4E0B52D3AC4E05032 /* Router */,
			);
			name = Page;
			sourceTree = "<group>";
		};
		D35C5C0C0116F2409822826F /* View */ = {
			isa = PBXGroup;
			children = (
				C6AC78C4F462F3DCCB367A58 /* homeViewTests.swift */,
			);
			name = View;
			sourceTree = "<group>";
		};
		DAD3A426810C98A06CF15B05 /* Router */ = {
			isa = PBXGroup;
			children = (
				4414737413464D8B8B4474A1 /* homeRouterTests.swift */,
			);
			name = Router;
			sourceTree = "<group>";
		};
		DD1C1734A1AB8EEA836EE59F /* View */ = {
			isa = PBXGroup;
			children = (
				250279D2D1A2E4E1DE84FE76 /* PageViewTests.swift */,
			);
			name = View;
			sourceTree = "<group>";
		};
		E45576CEDAF82B37FF536423 /* Presenter */ = {
			isa = PBXGroup;
			children = (
				CE8A933A42B9EEA86868CDED /* CreateGaugePresenterTests.swift */,
			);
			name = Presenter;
			sourceTree = "<group>";
		};
		E65A1E9A89CCB417125D8AD5 /* CreateGauge */ = {
			isa = PBXGroup;
			children = (
				534673140D40EE97A9DBDF99 /* View */,
				90D936E239E4B3ED196ED9C1 /* Presenter */,
				F919AB1362ED9C0649D0C601 /* Interactor */,
				AE52758798F35BB9E6224532 /* Router */,
			);
			name = CreateGauge;
			sourceTree = "<group>";
		};
		ED763853655222FEA30B54A1 /* Router */ = {
			isa = PBXGroup;
			children = (
				06045D68F025B95E9D70AE9D /* PageRouterTests.swift */,
			);
			name = Router;
			sourceTree = "<group>";
		};
		F4F1B5C8D18752B77B2EFEE2 /* Interactor */ = {
			isa = PBXGroup;
			children = (
				E4EC29D375B2FC34B525C70F /* StoreInteractorInput.swift */,
				8B16527B9C6CE52D409ABBA8 /* StoreInteractorOutput.swift */,
				ACEC834E4F3693CE7097674C /* StoreInteractor.swift */,
			);
			name = Interactor;
			sourceTree = "<group>";
		};
		F919AB1362ED9C0649D0C601 /* Interactor */ = {
			isa = PBXGroup;
			children = (
				A979DFEB79ABACE0E0347FD2 /* CreateGaugeInteractorInput.swift */,
				B38866CBBF0C13CC0AACE88F /* CreateGaugeInteractorOutput.swift */,
				9C53EFC09D75993B031B323B /* CreateGaugeInteractor.swift */,
			);
			name = Interactor;
			sourceTree = "<group>";
		};
		FCD454C9DAF7FA88BF22943E /* Interactor */ = {
			isa = PBXGroup;
			children = (
				B255EDB5AA6878E92B1F1446 /* PageInteractorInput.swift */,
				2CADF6BC1C4F460E05DD1A4D /* PageInteractorOutput.swift */,
				7D816BBF7526FBE50032A5D9 /* PageInteractor.swift */,
			);
			name = Interactor;
			sourceTree = "<group>";
		};
/* End PBXGroup section */

/* Begin PBXNativeTarget section */
		4930C24922B7566300DE2162 /* LifeGauge */ = {
			isa = PBXNativeTarget;
			buildConfigurationList = 4930C27222B7566C00DE2162 /* Build configuration list for PBXNativeTarget "LifeGauge" */;
			buildPhases = (
				B919D83525B2BFAA67051068 /* [CP] Check Pods Manifest.lock */,
				49DA776422BBEC3800E32A9D /* ShellScript */,
				4930C24622B7566300DE2162 /* Sources */,
				4930C24722B7566300DE2162 /* Frameworks */,
				4930C24822B7566300DE2162 /* Resources */,
				9346CED2AA1809A64E48D35B /* [CP] Embed Pods Frameworks */,
			);
			buildRules = (
			);
			dependencies = (
			);
			name = LifeGauge;
			productName = LifeGauge;
			productReference = 4930C24A22B7566300DE2162 /* LifeGauge.app */;
			productType = "com.apple.product-type.application";
		};
		4930C25D22B7566C00DE2162 /* LifeGaugeTests */ = {
			isa = PBXNativeTarget;
			buildConfigurationList = 4930C27522B7566C00DE2162 /* Build configuration list for PBXNativeTarget "LifeGaugeTests" */;
			buildPhases = (
				FD6FFD4FF2B06159C88BF898 /* [CP] Check Pods Manifest.lock */,
				4930C25A22B7566C00DE2162 /* Sources */,
				4930C25B22B7566C00DE2162 /* Frameworks */,
				4930C25C22B7566C00DE2162 /* Resources */,
			);
			buildRules = (
			);
			dependencies = (
				4930C26022B7566C00DE2162 /* PBXTargetDependency */,
			);
			name = LifeGaugeTests;
			productName = LifeGaugeTests;
			productReference = 4930C25E22B7566C00DE2162 /* LifeGaugeTests.xctest */;
			productType = "com.apple.product-type.bundle.unit-test";
		};
		4930C26822B7566C00DE2162 /* LifeGaugeUITests */ = {
			isa = PBXNativeTarget;
			buildConfigurationList = 4930C27822B7566C00DE2162 /* Build configuration list for PBXNativeTarget "LifeGaugeUITests" */;
			buildPhases = (
				275547B37FFD8B43D948D4B3 /* [CP] Check Pods Manifest.lock */,
				4930C26522B7566C00DE2162 /* Sources */,
				4930C26622B7566C00DE2162 /* Frameworks */,
				4930C26722B7566C00DE2162 /* Resources */,
			);
			buildRules = (
			);
			dependencies = (
				4930C26B22B7566C00DE2162 /* PBXTargetDependency */,
			);
			name = LifeGaugeUITests;
			productName = LifeGaugeUITests;
			productReference = 4930C26922B7566C00DE2162 /* LifeGaugeUITests.xctest */;
			productType = "com.apple.product-type.bundle.ui-testing";
		};
/* End PBXNativeTarget section */

/* Begin PBXProject section */
		4930C24222B7566300DE2162 /* Project object */ = {
			isa = PBXProject;
			attributes = {
				LastSwiftUpdateCheck = 1020;
				LastUpgradeCheck = 1020;
				ORGANIZATIONNAME = "HT-Swear";
				TargetAttributes = {
					4930C24922B7566300DE2162 = {
						CreatedOnToolsVersion = 10.2.1;
					};
					4930C25D22B7566C00DE2162 = {
						CreatedOnToolsVersion = 10.2.1;
						TestTargetID = 4930C24922B7566300DE2162;
					};
					4930C26822B7566C00DE2162 = {
						CreatedOnToolsVersion = 10.2.1;
						TestTargetID = 4930C24922B7566300DE2162;
					};
				};
			};
			buildConfigurationList = 4930C24522B7566300DE2162 /* Build configuration list for PBXProject "LifeGauge" */;
			compatibilityVersion = "Xcode 9.3";
			developmentRegion = en;
			hasScannedForEncodings = 0;
			knownRegions = (
				en,
				Base,
			);
			mainGroup = 4930C24122B7566300DE2162;
			productRefGroup = 4930C24B22B7566300DE2162 /* Products */;
			projectDirPath = "";
			projectRoot = "";
			targets = (
				4930C24922B7566300DE2162 /* LifeGauge */,
				4930C25D22B7566C00DE2162 /* LifeGaugeTests */,
				4930C26822B7566C00DE2162 /* LifeGaugeUITests */,
			);
		};
/* End PBXProject section */

/* Begin PBXResourcesBuildPhase section */
		4930C24822B7566300DE2162 /* Resources */ = {
			isa = PBXResourcesBuildPhase;
			buildActionMask = 2147483647;
			files = (
				CFA7954F22BA391F00C55FFB /* TimeGaugeCell.xib in Resources */,
				4930C25822B7566B00DE2162 /* LaunchScreen.storyboard in Resources */,
				49EFED4322C738BD00652D75 /* GoogleService-Info.plist in Resources */,
				4930C25522B7566B00DE2162 /* Assets.xcassets in Resources */,
				4930C25322B7566300DE2162 /* Main.storyboard in Resources */,
			);
			runOnlyForDeploymentPostprocessing = 0;
		};
		4930C25C22B7566C00DE2162 /* Resources */ = {
			isa = PBXResourcesBuildPhase;
			buildActionMask = 2147483647;
			files = (
			);
			runOnlyForDeploymentPostprocessing = 0;
		};
		4930C26722B7566C00DE2162 /* Resources */ = {
			isa = PBXResourcesBuildPhase;
			buildActionMask = 2147483647;
			files = (
			);
			runOnlyForDeploymentPostprocessing = 0;
		};
/* End PBXResourcesBuildPhase section */

/* Begin PBXShellScriptBuildPhase section */
		275547B37FFD8B43D948D4B3 /* [CP] Check Pods Manifest.lock */ = {
			isa = PBXShellScriptBuildPhase;
			buildActionMask = 2147483647;
			files = (
			);
			inputFileListPaths = (
			);
			inputPaths = (
				"${PODS_PODFILE_DIR_PATH}/Podfile.lock",
				"${PODS_ROOT}/Manifest.lock",
			);
			name = "[CP] Check Pods Manifest.lock";
			outputFileListPaths = (
			);
			outputPaths = (
				"$(DERIVED_FILE_DIR)/Pods-LifeGaugeUITests-checkManifestLockResult.txt",
			);
			runOnlyForDeploymentPostprocessing = 0;
			shellPath = /bin/sh;
			shellScript = "diff \"${PODS_PODFILE_DIR_PATH}/Podfile.lock\" \"${PODS_ROOT}/Manifest.lock\" > /dev/null\nif [ $? != 0 ] ; then\n    # print error to STDERR\n    echo \"error: The sandbox is not in sync with the Podfile.lock. Run 'pod install' or update your CocoaPods installation.\" >&2\n    exit 1\nfi\n# This output is used by Xcode 'outputs' to avoid re-running this script phase.\necho \"SUCCESS\" > \"${SCRIPT_OUTPUT_FILE_0}\"\n";
			showEnvVarsInLog = 0;
		};
		49DA776422BBEC3800E32A9D /* ShellScript */ = {
			isa = PBXShellScriptBuildPhase;
			buildActionMask = 2147483647;
			files = (
			);
			inputFileListPaths = (
			);
			inputPaths = (
				"$TEMP_DIR/rswift-lastrun",
			);
			outputFileListPaths = (
			);
			outputPaths = (
				$SRCROOT/R.generated.swift,
			);
			runOnlyForDeploymentPostprocessing = 0;
			shellPath = /bin/sh;
			shellScript = "\"$PODS_ROOT/R.swift/rswift\" generate \"$SRCROOT/R.generated.swift\"\n\n";
		};
		9346CED2AA1809A64E48D35B /* [CP] Embed Pods Frameworks */ = {
			isa = PBXShellScriptBuildPhase;
			buildActionMask = 2147483647;
			files = (
			);
			inputFileListPaths = (
				"${PODS_ROOT}/Target Support Files/Pods-LifeGauge/Pods-LifeGauge-frameworks-${CONFIGURATION}-input-files.xcfilelist",
			);
			name = "[CP] Embed Pods Frameworks";
			outputFileListPaths = (
				"${PODS_ROOT}/Target Support Files/Pods-LifeGauge/Pods-LifeGauge-frameworks-${CONFIGURATION}-output-files.xcfilelist",
			);
			runOnlyForDeploymentPostprocessing = 0;
			shellPath = /bin/sh;
			shellScript = "\"${PODS_ROOT}/Target Support Files/Pods-LifeGauge/Pods-LifeGauge-frameworks.sh\"\n";
			showEnvVarsInLog = 0;
		};
		B919D83525B2BFAA67051068 /* [CP] Check Pods Manifest.lock */ = {
			isa = PBXShellScriptBuildPhase;
			buildActionMask = 2147483647;
			files = (
			);
			inputFileListPaths = (
			);
			inputPaths = (
				"${PODS_PODFILE_DIR_PATH}/Podfile.lock",
				"${PODS_ROOT}/Manifest.lock",
			);
			name = "[CP] Check Pods Manifest.lock";
			outputFileListPaths = (
			);
			outputPaths = (
				"$(DERIVED_FILE_DIR)/Pods-LifeGauge-checkManifestLockResult.txt",
			);
			runOnlyForDeploymentPostprocessing = 0;
			shellPath = /bin/sh;
			shellScript = "diff \"${PODS_PODFILE_DIR_PATH}/Podfile.lock\" \"${PODS_ROOT}/Manifest.lock\" > /dev/null\nif [ $? != 0 ] ; then\n    # print error to STDERR\n    echo \"error: The sandbox is not in sync with the Podfile.lock. Run 'pod install' or update your CocoaPods installation.\" >&2\n    exit 1\nfi\n# This output is used by Xcode 'outputs' to avoid re-running this script phase.\necho \"SUCCESS\" > \"${SCRIPT_OUTPUT_FILE_0}\"\n";
			showEnvVarsInLog = 0;
		};
		FD6FFD4FF2B06159C88BF898 /* [CP] Check Pods Manifest.lock */ = {
			isa = PBXShellScriptBuildPhase;
			buildActionMask = 2147483647;
			files = (
			);
			inputFileListPaths = (
			);
			inputPaths = (
				"${PODS_PODFILE_DIR_PATH}/Podfile.lock",
				"${PODS_ROOT}/Manifest.lock",
			);
			name = "[CP] Check Pods Manifest.lock";
			outputFileListPaths = (
			);
			outputPaths = (
				"$(DERIVED_FILE_DIR)/Pods-LifeGaugeTests-checkManifestLockResult.txt",
			);
			runOnlyForDeploymentPostprocessing = 0;
			shellPath = /bin/sh;
			shellScript = "diff \"${PODS_PODFILE_DIR_PATH}/Podfile.lock\" \"${PODS_ROOT}/Manifest.lock\" > /dev/null\nif [ $? != 0 ] ; then\n    # print error to STDERR\n    echo \"error: The sandbox is not in sync with the Podfile.lock. Run 'pod install' or update your CocoaPods installation.\" >&2\n    exit 1\nfi\n# This output is used by Xcode 'outputs' to avoid re-running this script phase.\necho \"SUCCESS\" > \"${SCRIPT_OUTPUT_FILE_0}\"\n";
			showEnvVarsInLog = 0;
		};
/* End PBXShellScriptBuildPhase section */

/* Begin PBXSourcesBuildPhase section */
		4930C24622B7566300DE2162 /* Sources */ = {
			isa = PBXSourcesBuildPhase;
			buildActionMask = 2147483647;
			files = (
				CFCE583822C855D200309892 /* PageViewOutput.swift in Sources */,
				CFCE583522C7AE4C00309892 /* CircleViewCell.swift in Sources */,
				CFCE584222C85B9400309892 /* StoreViewController.swift in Sources */,
				CFCE583A22C855D700309892 /* PagePresenter.swift in Sources */,
				4900787422BF5B8600FC345D /* HomeInteractorInput.swift in Sources */,
				CFCE583B22C855DC00309892 /* PageInteractorInput.swift in Sources */,
				CFCE583722C855D200309892 /* PageViewInput.swift in Sources */,
				CFCE584422C85BA200309892 /* StoreInteractorInput.swift in Sources */,
				4900787222BF5B8600FC345D /* HomeViewInput.swift in Sources */,
				4900787622BF5B8600FC345D /* HomeRouterInput.swift in Sources */,
				4900786F22BF5B8600FC345D /* HomePresenter.swift in Sources */,
				CFCE583D22C855DC00309892 /* PageInteractor.swift in Sources */,
				4900787722BF5B8600FC345D /* HomeRouter.swift in Sources */,
				CFCE584922C85BB100309892 /* CreateGaugeViewInput.swift in Sources */,
				CFCE584F22C85BBB00309892 /* CreateGaugeInteractor.swift in Sources */,
				CFCE584D22C85BBB00309892 /* CreateGaugeInteractorInput.swift in Sources */,
				CFCE584B22C85BB100309892 /* CreateGaugeViewController.swift in Sources */,
				CFCE583E22C855E300309892 /* PageRouterInput.swift in Sources */,
				CFCE584022C85B9400309892 /* StoreViewInput.swift in Sources */,
				CF7CB28822B9F5970075A83C /* RootRouter.swift in Sources */,
				CFCE583422C7AE4C00309892 /* CircleMenuViewCell.swift in Sources */,
				CFCE585022C85BC000309892 /* CreateGaugeRouterInput.swift in Sources */,
				CFA7954E22BA391F00C55FFB /* TimeGaugeCell.swift in Sources */,
				CFCE584822C85BA800309892 /* StoreRouter.swift in Sources */,
				CFA7955122BB232A00C55FFB /* Util.swift in Sources */,
				CFCE583322C7AE4C00309892 /* CircleView.swift in Sources */,
				CFCE583F22C855E300309892 /* PageRouter.swift in Sources */,
				CFCE584322C85B9B00309892 /* StorePresenter.swift in Sources */,
				CFCE583922C855D200309892 /* PageViewController.swift in Sources */,
				CFCE584622C85BA200309892 /* StoreInteractor.swift in Sources */,
				CFCE585122C85BC000309892 /* CreateGaugeRouter.swift in Sources */,
				CFCE584522C85BA200309892 /* StoreInteractorOutput.swift in Sources */,
				4900787022BF5B8600FC345D /* HomeViewOutput.swift in Sources */,
				CFCE584122C85B9400309892 /* StoreViewOutput.swift in Sources */,
				4900787522BF5B8600FC345D /* HomeInteractor.swift in Sources */,
				CFCE584E22C85BBB00309892 /* CreateGaugeInteractorOutput.swift in Sources */,
				CFCE584C22C85BB500309892 /* CreateGaugePresenter.swift in Sources */,
				CFCE584A22C85BB100309892 /* CreateGaugeViewOutput.swift in Sources */,
				4900787322BF5B8600FC345D /* HomeInteractorOutput.swift in Sources */,
				4900787122BF5B8600FC345D /* HomeViewController.swift in Sources */,
				CF7CB28622B8B1110075A83C /* TimeGauge.swift in Sources */,
				4930C24E22B7566300DE2162 /* AppDelegate.swift in Sources */,
				CFCE583622C7AE4C00309892 /* CircleMenuView.swift in Sources */,
				CFCE583C22C855DC00309892 /* PageInteractorOutput.swift in Sources */,
				49DA776622BBEDBC00E32A9D /* R.generated.swift in Sources */,
				CFCE584722C85BA800309892 /* StoreRouterInput.swift in Sources */,
			);
			runOnlyForDeploymentPostprocessing = 0;
		};
		4930C25A22B7566C00DE2162 /* Sources */ = {
			isa = PBXSourcesBuildPhase;
			buildActionMask = 2147483647;
			files = (
				CF55413522B8ACF800242B31 /* loginViewTests.swift in Sources */,
				CF55413422B8ACE900242B31 /* loginInteractorTests.swift in Sources */,
				CF55413322B8ACDC00242B31 /* loginPresenterTests.swift in Sources */,
				CF55413222B8ACBD00242B31 /* loginConfiguratorTests.swift in Sources */,
				CF55413622B8AD0C00242B31 /* loginRouterTests.swift in Sources */,
				4930C26322B7566C00DE2162 /* LifeGaugeTests.swift in Sources */,
			);
			runOnlyForDeploymentPostprocessing = 0;
		};
		4930C26522B7566C00DE2162 /* Sources */ = {
			isa = PBXSourcesBuildPhase;
			buildActionMask = 2147483647;
			files = (
				4930C26E22B7566C00DE2162 /* LifeGaugeUITests.swift in Sources */,
			);
			runOnlyForDeploymentPostprocessing = 0;
		};
/* End PBXSourcesBuildPhase section */

/* Begin PBXTargetDependency section */
		4930C26022B7566C00DE2162 /* PBXTargetDependency */ = {
			isa = PBXTargetDependency;
			target = 4930C24922B7566300DE2162 /* LifeGauge */;
			targetProxy = 4930C25F22B7566C00DE2162 /* PBXContainerItemProxy */;
		};
		4930C26B22B7566C00DE2162 /* PBXTargetDependency */ = {
			isa = PBXTargetDependency;
			target = 4930C24922B7566300DE2162 /* LifeGauge */;
			targetProxy = 4930C26A22B7566C00DE2162 /* PBXContainerItemProxy */;
		};
/* End PBXTargetDependency section */

/* Begin PBXVariantGroup section */
		4930C25122B7566300DE2162 /* Main.storyboard */ = {
			isa = PBXVariantGroup;
			children = (
				4930C25222B7566300DE2162 /* Base */,
			);
			name = Main.storyboard;
			sourceTree = "<group>";
		};
		4930C25622B7566B00DE2162 /* LaunchScreen.storyboard */ = {
			isa = PBXVariantGroup;
			children = (
				4930C25722B7566B00DE2162 /* Base */,
			);
			name = LaunchScreen.storyboard;
			sourceTree = "<group>";
		};
/* End PBXVariantGroup section */

/* Begin XCBuildConfiguration section */
		4930C27022B7566C00DE2162 /* Debug */ = {
			isa = XCBuildConfiguration;
			buildSettings = {
				ALWAYS_SEARCH_USER_PATHS = NO;
				CLANG_ANALYZER_NONNULL = YES;
				CLANG_ANALYZER_NUMBER_OBJECT_CONVERSION = YES_AGGRESSIVE;
				CLANG_CXX_LANGUAGE_STANDARD = "gnu++14";
				CLANG_CXX_LIBRARY = "libc++";
				CLANG_ENABLE_MODULES = YES;
				CLANG_ENABLE_OBJC_ARC = YES;
				CLANG_ENABLE_OBJC_WEAK = YES;
				CLANG_WARN_BLOCK_CAPTURE_AUTORELEASING = YES;
				CLANG_WARN_BOOL_CONVERSION = YES;
				CLANG_WARN_COMMA = YES;
				CLANG_WARN_CONSTANT_CONVERSION = YES;
				CLANG_WARN_DEPRECATED_OBJC_IMPLEMENTATIONS = YES;
				CLANG_WARN_DIRECT_OBJC_ISA_USAGE = YES_ERROR;
				CLANG_WARN_DOCUMENTATION_COMMENTS = YES;
				CLANG_WARN_EMPTY_BODY = YES;
				CLANG_WARN_ENUM_CONVERSION = YES;
				CLANG_WARN_INFINITE_RECURSION = YES;
				CLANG_WARN_INT_CONVERSION = YES;
				CLANG_WARN_NON_LITERAL_NULL_CONVERSION = YES;
				CLANG_WARN_OBJC_IMPLICIT_RETAIN_SELF = YES;
				CLANG_WARN_OBJC_LITERAL_CONVERSION = YES;
				CLANG_WARN_OBJC_ROOT_CLASS = YES_ERROR;
				CLANG_WARN_RANGE_LOOP_ANALYSIS = YES;
				CLANG_WARN_STRICT_PROTOTYPES = YES;
				CLANG_WARN_SUSPICIOUS_MOVE = YES;
				CLANG_WARN_UNGUARDED_AVAILABILITY = YES_AGGRESSIVE;
				CLANG_WARN_UNREACHABLE_CODE = YES;
				CLANG_WARN__DUPLICATE_METHOD_MATCH = YES;
				CODE_SIGN_IDENTITY = "iPhone Developer";
				COPY_PHASE_STRIP = NO;
				DEBUG_INFORMATION_FORMAT = dwarf;
				ENABLE_STRICT_OBJC_MSGSEND = YES;
				ENABLE_TESTABILITY = YES;
				GCC_C_LANGUAGE_STANDARD = gnu11;
				GCC_DYNAMIC_NO_PIC = NO;
				GCC_NO_COMMON_BLOCKS = YES;
				GCC_OPTIMIZATION_LEVEL = 0;
				GCC_PREPROCESSOR_DEFINITIONS = (
					"DEBUG=1",
					"$(inherited)",
				);
				GCC_WARN_64_TO_32_BIT_CONVERSION = YES;
				GCC_WARN_ABOUT_RETURN_TYPE = YES_ERROR;
				GCC_WARN_UNDECLARED_SELECTOR = YES;
				GCC_WARN_UNINITIALIZED_AUTOS = YES_AGGRESSIVE;
				GCC_WARN_UNUSED_FUNCTION = YES;
				GCC_WARN_UNUSED_VARIABLE = YES;
				IPHONEOS_DEPLOYMENT_TARGET = 12.2;
				MTL_ENABLE_DEBUG_INFO = INCLUDE_SOURCE;
				MTL_FAST_MATH = YES;
				ONLY_ACTIVE_ARCH = YES;
				SDKROOT = iphoneos;
				SWIFT_ACTIVE_COMPILATION_CONDITIONS = DEBUG;
				SWIFT_OPTIMIZATION_LEVEL = "-Onone";
			};
			name = Debug;
		};
		4930C27122B7566C00DE2162 /* Release */ = {
			isa = XCBuildConfiguration;
			buildSettings = {
				ALWAYS_SEARCH_USER_PATHS = NO;
				CLANG_ANALYZER_NONNULL = YES;
				CLANG_ANALYZER_NUMBER_OBJECT_CONVERSION = YES_AGGRESSIVE;
				CLANG_CXX_LANGUAGE_STANDARD = "gnu++14";
				CLANG_CXX_LIBRARY = "libc++";
				CLANG_ENABLE_MODULES = YES;
				CLANG_ENABLE_OBJC_ARC = YES;
				CLANG_ENABLE_OBJC_WEAK = YES;
				CLANG_WARN_BLOCK_CAPTURE_AUTORELEASING = YES;
				CLANG_WARN_BOOL_CONVERSION = YES;
				CLANG_WARN_COMMA = YES;
				CLANG_WARN_CONSTANT_CONVERSION = YES;
				CLANG_WARN_DEPRECATED_OBJC_IMPLEMENTATIONS = YES;
				CLANG_WARN_DIRECT_OBJC_ISA_USAGE = YES_ERROR;
				CLANG_WARN_DOCUMENTATION_COMMENTS = YES;
				CLANG_WARN_EMPTY_BODY = YES;
				CLANG_WARN_ENUM_CONVERSION = YES;
				CLANG_WARN_INFINITE_RECURSION = YES;
				CLANG_WARN_INT_CONVERSION = YES;
				CLANG_WARN_NON_LITERAL_NULL_CONVERSION = YES;
				CLANG_WARN_OBJC_IMPLICIT_RETAIN_SELF = YES;
				CLANG_WARN_OBJC_LITERAL_CONVERSION = YES;
				CLANG_WARN_OBJC_ROOT_CLASS = YES_ERROR;
				CLANG_WARN_RANGE_LOOP_ANALYSIS = YES;
				CLANG_WARN_STRICT_PROTOTYPES = YES;
				CLANG_WARN_SUSPICIOUS_MOVE = YES;
				CLANG_WARN_UNGUARDED_AVAILABILITY = YES_AGGRESSIVE;
				CLANG_WARN_UNREACHABLE_CODE = YES;
				CLANG_WARN__DUPLICATE_METHOD_MATCH = YES;
				CODE_SIGN_IDENTITY = "iPhone Developer";
				COPY_PHASE_STRIP = NO;
				DEBUG_INFORMATION_FORMAT = "dwarf-with-dsym";
				ENABLE_NS_ASSERTIONS = NO;
				ENABLE_STRICT_OBJC_MSGSEND = YES;
				GCC_C_LANGUAGE_STANDARD = gnu11;
				GCC_NO_COMMON_BLOCKS = YES;
				GCC_WARN_64_TO_32_BIT_CONVERSION = YES;
				GCC_WARN_ABOUT_RETURN_TYPE = YES_ERROR;
				GCC_WARN_UNDECLARED_SELECTOR = YES;
				GCC_WARN_UNINITIALIZED_AUTOS = YES_AGGRESSIVE;
				GCC_WARN_UNUSED_FUNCTION = YES;
				GCC_WARN_UNUSED_VARIABLE = YES;
				IPHONEOS_DEPLOYMENT_TARGET = 12.2;
				MTL_ENABLE_DEBUG_INFO = NO;
				MTL_FAST_MATH = YES;
				SDKROOT = iphoneos;
				SWIFT_COMPILATION_MODE = wholemodule;
				SWIFT_OPTIMIZATION_LEVEL = "-O";
				VALIDATE_PRODUCT = YES;
			};
			name = Release;
		};
		4930C27322B7566C00DE2162 /* Debug */ = {
			isa = XCBuildConfiguration;
			baseConfigurationReference = 417AE76E5D3131AA7E9BD340 /* Pods-LifeGauge.debug.xcconfig */;
			buildSettings = {
				ASSETCATALOG_COMPILER_APPICON_NAME = AppIcon;
				CODE_SIGN_IDENTITY = "iPhone Developer";
				CODE_SIGN_STYLE = Manual;
				DEVELOPMENT_TEAM = "";
				INFOPLIST_FILE = LifeGauge/Info.plist;
				LD_RUNPATH_SEARCH_PATHS = (
					"$(inherited)",
					"@executable_path/Frameworks",
				);
				PRODUCT_BUNDLE_IDENTIFIER = io.htswear.LifeGauge;
				PRODUCT_NAME = "$(TARGET_NAME)";
				PROVISIONING_PROFILE_SPECIFIER = "";
				SWIFT_VERSION = 5.0;
				TARGETED_DEVICE_FAMILY = "1,2";
			};
			name = Debug;
		};
		4930C27422B7566C00DE2162 /* Release */ = {
			isa = XCBuildConfiguration;
			baseConfigurationReference = CE663B0540E4C469446AE3B1 /* Pods-LifeGauge.release.xcconfig */;
			buildSettings = {
				ASSETCATALOG_COMPILER_APPICON_NAME = AppIcon;
				CODE_SIGN_IDENTITY = "iPhone Developer";
				CODE_SIGN_STYLE = Manual;
				DEVELOPMENT_TEAM = "";
				INFOPLIST_FILE = LifeGauge/Info.plist;
				LD_RUNPATH_SEARCH_PATHS = (
					"$(inherited)",
					"@executable_path/Frameworks",
				);
				PRODUCT_BUNDLE_IDENTIFIER = io.htswear.LifeGauge;
				PRODUCT_NAME = "$(TARGET_NAME)";
				PROVISIONING_PROFILE_SPECIFIER = "";
				SWIFT_VERSION = 5.0;
				TARGETED_DEVICE_FAMILY = "1,2";
			};
			name = Release;
		};
		4930C27622B7566C00DE2162 /* Debug */ = {
			isa = XCBuildConfiguration;
			baseConfigurationReference = 215D6DBAAE4B92524B9FFD07 /* Pods-LifeGaugeTests.debug.xcconfig */;
			buildSettings = {
				ALWAYS_EMBED_SWIFT_STANDARD_LIBRARIES = YES;
				BUNDLE_LOADER = "$(TEST_HOST)";
				CODE_SIGN_STYLE = Automatic;
				INFOPLIST_FILE = LifeGaugeTests/Info.plist;
				LD_RUNPATH_SEARCH_PATHS = (
					"$(inherited)",
					"@executable_path/Frameworks",
					"@loader_path/Frameworks",
				);
				PRODUCT_BUNDLE_IDENTIFIER = io.htswear.lifeguage.ios.LifeGaugeTests;
				PRODUCT_NAME = "$(TARGET_NAME)";
				SWIFT_VERSION = 5.0;
				TARGETED_DEVICE_FAMILY = "1,2";
				TEST_HOST = "$(BUILT_PRODUCTS_DIR)/LifeGauge.app/LifeGauge";
			};
			name = Debug;
		};
		4930C27722B7566C00DE2162 /* Release */ = {
			isa = XCBuildConfiguration;
			baseConfigurationReference = 72FC52114F7AD8F5C6ACB753 /* Pods-LifeGaugeTests.release.xcconfig */;
			buildSettings = {
				ALWAYS_EMBED_SWIFT_STANDARD_LIBRARIES = YES;
				BUNDLE_LOADER = "$(TEST_HOST)";
				CODE_SIGN_STYLE = Automatic;
				INFOPLIST_FILE = LifeGaugeTests/Info.plist;
				LD_RUNPATH_SEARCH_PATHS = (
					"$(inherited)",
					"@executable_path/Frameworks",
					"@loader_path/Frameworks",
				);
				PRODUCT_BUNDLE_IDENTIFIER = io.htswear.lifeguage.ios.LifeGaugeTests;
				PRODUCT_NAME = "$(TARGET_NAME)";
				SWIFT_VERSION = 5.0;
				TARGETED_DEVICE_FAMILY = "1,2";
				TEST_HOST = "$(BUILT_PRODUCTS_DIR)/LifeGauge.app/LifeGauge";
			};
			name = Release;
		};
		4930C27922B7566C00DE2162 /* Debug */ = {
			isa = XCBuildConfiguration;
			baseConfigurationReference = D865F5BBEC1C78615141C6CA /* Pods-LifeGaugeUITests.debug.xcconfig */;
			buildSettings = {
				ALWAYS_EMBED_SWIFT_STANDARD_LIBRARIES = YES;
				CODE_SIGN_STYLE = Automatic;
				INFOPLIST_FILE = LifeGaugeUITests/Info.plist;
				LD_RUNPATH_SEARCH_PATHS = (
					"$(inherited)",
					"@executable_path/Frameworks",
					"@loader_path/Frameworks",
				);
				PRODUCT_BUNDLE_IDENTIFIER = io.htswear.lifeguage.ios.LifeGaugeUITests;
				PRODUCT_NAME = "$(TARGET_NAME)";
				SWIFT_VERSION = 5.0;
				TARGETED_DEVICE_FAMILY = "1,2";
				TEST_TARGET_NAME = LifeGauge;
			};
			name = Debug;
		};
		4930C27A22B7566C00DE2162 /* Release */ = {
			isa = XCBuildConfiguration;
			baseConfigurationReference = 837C8F35677525B7791202B2 /* Pods-LifeGaugeUITests.release.xcconfig */;
			buildSettings = {
				ALWAYS_EMBED_SWIFT_STANDARD_LIBRARIES = YES;
				CODE_SIGN_STYLE = Automatic;
				INFOPLIST_FILE = LifeGaugeUITests/Info.plist;
				LD_RUNPATH_SEARCH_PATHS = (
					"$(inherited)",
					"@executable_path/Frameworks",
					"@loader_path/Frameworks",
				);
				PRODUCT_BUNDLE_IDENTIFIER = io.htswear.lifeguage.ios.LifeGaugeUITests;
				PRODUCT_NAME = "$(TARGET_NAME)";
				SWIFT_VERSION = 5.0;
				TARGETED_DEVICE_FAMILY = "1,2";
				TEST_TARGET_NAME = LifeGauge;
			};
			name = Release;
		};
/* End XCBuildConfiguration section */

/* Begin XCConfigurationList section */
		4930C24522B7566300DE2162 /* Build configuration list for PBXProject "LifeGauge" */ = {
			isa = XCConfigurationList;
			buildConfigurations = (
				4930C27022B7566C00DE2162 /* Debug */,
				4930C27122B7566C00DE2162 /* Release */,
			);
			defaultConfigurationIsVisible = 0;
			defaultConfigurationName = Release;
		};
		4930C27222B7566C00DE2162 /* Build configuration list for PBXNativeTarget "LifeGauge" */ = {
			isa = XCConfigurationList;
			buildConfigurations = (
				4930C27322B7566C00DE2162 /* Debug */,
				4930C27422B7566C00DE2162 /* Release */,
			);
			defaultConfigurationIsVisible = 0;
			defaultConfigurationName = Release;
		};
		4930C27522B7566C00DE2162 /* Build configuration list for PBXNativeTarget "LifeGaugeTests" */ = {
			isa = XCConfigurationList;
			buildConfigurations = (
				4930C27622B7566C00DE2162 /* Debug */,
				4930C27722B7566C00DE2162 /* Release */,
			);
			defaultConfigurationIsVisible = 0;
			defaultConfigurationName = Release;
		};
		4930C27822B7566C00DE2162 /* Build configuration list for PBXNativeTarget "LifeGaugeUITests" */ = {
			isa = XCConfigurationList;
			buildConfigurations = (
				4930C27922B7566C00DE2162 /* Debug */,
				4930C27A22B7566C00DE2162 /* Release */,
			);
			defaultConfigurationIsVisible = 0;
			defaultConfigurationName = Release;
		};
/* End XCConfigurationList section */
	};
	rootObject = 4930C24222B7566300DE2162 /* Project object */;
}
